{
  "object": {
    "pins": [
      {
        "package": "CoreHTTP",
        "repositoryURL": "https://github.com/loay-ashraf/CoreHTTP",
        "state": {
          "branch": null,
          "revision": "17b030a4a10ac9449e6c107bce13f112280aae6b",
          "version": "1.0.0"
        }
      },
      {
        "package": "RxSwift",
        "repositoryURL": "https://github.com/ReactiveX/RxSwift.git",
        "state": {
          "branch": null,
          "revision": "9dcaa4b333db437b0fbfaf453fad29069044a8b4",
          "version": "6.6.0"
        }
      },
      {
        "package": "RxSwiftExt",
        "repositoryURL": "https://github.com/RxSwiftCommunity/RxSwiftExt",
        "state": {
          "branch": null,
          "revision": "eb4adf9f00a21b3efc3869a5218a6d7517e95222",
          "version": "6.2.1"
        }
      }
    ]
  },
  "version": 1
}
