// !$*UTF8*$!
{
	archiveVersion = 1;
	classes = {
	};
	objectVersion = 55;
	objects = {

/* Begin PBXBuildFile section */
		C658CEFF2AD5DDD7009E561D /* CoreHTTP.h in Headers */ = {isa = PBXBuildFile; fileRef = C658CEFE2AD5DDD7009E561D /* CoreHTTP.h */; settings = {ATTRIBUTES = (Public, ); }; };
		C658CF172AD5DEE7009E561D /* HTTPMethod.swift in Sources */ = {isa = PBXBuildFile; fileRef = C658CF152AD5DEE6009E561D /* HTTPMethod.swift */; };
		C658CF182AD5DEE7009E561D /* HTTPScheme.swift in Sources */ = {isa = PBXBuildFile; fileRef = C658CF162AD5DEE6009E561D /* HTTPScheme.swift */; };
		C658CF1E2AD5DF24009E561D /* HTTPRequestRouter.swift in Sources */ = {isa = PBXBuildFile; fileRef = C658CF1D2AD5DF24009E561D /* HTTPRequestRouter.swift */; };
		C658CF2D2AD5E2AA009E561D /* HTTPRequestRetryPolicy.swift in Sources */ = {isa = PBXBuildFile; fileRef = C658CF122AD5DEA1009E561D /* HTTPRequestRetryPolicy.swift */; };
		C658CF2E2AD5E2B1009E561D /* DefaultHTTPAPIError.swift in Sources */ = {isa = PBXBuildFile; fileRef = C658CF052AD5DEA1009E561D /* DefaultHTTPAPIError.swift */; };
		C658CF2F2AD5E2B3009E561D /* DefaultHTTPBodyError.swift in Sources */ = {isa = PBXBuildFile; fileRef = C658CF062AD5DEA1009E561D /* DefaultHTTPBodyError.swift */; };
		C658CF302AD5E2B5009E561D /* HTTPAPIError.swift in Sources */ = {isa = PBXBuildFile; fileRef = C658CF072AD5DEA1009E561D /* HTTPAPIError.swift */; };
		C658CF312AD5E2B8009E561D /* HTTPBodyError.swift in Sources */ = {isa = PBXBuildFile; fileRef = C658CF082AD5DEA1009E561D /* HTTPBodyError.swift */; };
		C658CF322AD5E2BA009E561D /* HTTPClientError.swift in Sources */ = {isa = PBXBuildFile; fileRef = C658CF092AD5DEA1009E561D /* HTTPClientError.swift */; };
		C658CF332AD5E2BC009E561D /* HTTPError.swift in Sources */ = {isa = PBXBuildFile; fileRef = C658CF0A2AD5DEA1009E561D /* HTTPError.swift */; };
		C658CF342AD5E2BF009E561D /* HTTPServerError.swift in Sources */ = {isa = PBXBuildFile; fileRef = C658CF0B2AD5DEA1009E561D /* HTTPServerError.swift */; };
		C658CF352AD5E2C3009E561D /* HTTPRequestEventMonitor.swift in Sources */ = {isa = PBXBuildFile; fileRef = C658CF0D2AD5DEA1009E561D /* HTTPRequestEventMonitor.swift */; };
		C658CF362AD5E2C7009E561D /* HTTPRequestAdapter.swift in Sources */ = {isa = PBXBuildFile; fileRef = C658CF0F2AD5DEA1009E561D /* HTTPRequestAdapter.swift */; };
		C658CF372AD5E2C9009E561D /* HTTPRequestInterceptor.swift in Sources */ = {isa = PBXBuildFile; fileRef = C658CF102AD5DEA1009E561D /* HTTPRequestInterceptor.swift */; };
		C658CF382AD5E2CB009E561D /* HTTPRequestRetrier.swift in Sources */ = {isa = PBXBuildFile; fileRef = C658CF112AD5DEA1009E561D /* HTTPRequestRetrier.swift */; };
		C658CF392AD5E2D8009E561D /* HTTPStatusCode.swift in Sources */ = {isa = PBXBuildFile; fileRef = C658CF192AD5DF03009E561D /* HTTPStatusCode.swift */; };
		C658CF3A2AD5E2DB009E561D /* HTTPURLResponse+StatusCode.swift in Sources */ = {isa = PBXBuildFile; fileRef = C658CF1A2AD5DF03009E561D /* HTTPURLResponse+StatusCode.swift */; };
/* End PBXBuildFile section */

/* Begin PBXFileReference section */
		C623E7452AD61A2B00A20A0A /* Package.swift */ = {isa = PBXFileReference; fileEncoding = 4; lastKnownFileType = sourcecode.swift; path = Package.swift; sourceTree = "<group>"; };
		C658CEFB2AD5DDD7009E561D /* CoreHTTP.framework */ = {isa = PBXFileReference; explicitFileType = wrapper.framework; includeInIndex = 0; path = CoreHTTP.framework; sourceTree = BUILT_PRODUCTS_DIR; };
		C658CEFE2AD5DDD7009E561D /* CoreHTTP.h */ = {isa = PBXFileReference; lastKnownFileType = sourcecode.c.h; path = CoreHTTP.h; sourceTree = "<group>"; };
		C658CF052AD5DEA1009E561D /* DefaultHTTPAPIError.swift */ = {isa = PBXFileReference; fileEncoding = 4; lastKnownFileType = sourcecode.swift; path = DefaultHTTPAPIError.swift; sourceTree = "<group>"; };
		C658CF062AD5DEA1009E561D /* DefaultHTTPBodyError.swift */ = {isa = PBXFileReference; lastKnownFileType = sourcecode.swift; path = DefaultHTTPBodyError.swift; sourceTree = "<group>"; };
		C658CF072AD5DEA1009E561D /* HTTPAPIError.swift */ = {isa = PBXFileReference; fileEncoding = 4; lastKnownFileType = sourcecode.swift; path = HTTPAPIError.swift; sourceTree = "<group>"; };
		C658CF082AD5DEA1009E561D /* HTTPBodyError.swift */ = {isa = PBXFileReference; lastKnownFileType = sourcecode.swift; path = HTTPBodyError.swift; sourceTree = "<group>"; };
		C658CF092AD5DEA1009E561D /* HTTPClientError.swift */ = {isa = PBXFileReference; fileEncoding = 4; lastKnownFileType = sourcecode.swift; path = HTTPClientError.swift; sourceTree = "<group>"; };
		C658CF0A2AD5DEA1009E561D /* HTTPError.swift */ = {isa = PBXFileReference; fileEncoding = 4; lastKnownFileType = sourcecode.swift; path = HTTPError.swift; sourceTree = "<group>"; };
		C658CF0B2AD5DEA1009E561D /* HTTPServerError.swift */ = {isa = PBXFileReference; fileEncoding = 4; lastKnownFileType = sourcecode.swift; path = HTTPServerError.swift; sourceTree = "<group>"; };
		C658CF0D2AD5DEA1009E561D /* HTTPRequestEventMonitor.swift */ = {isa = PBXFileReference; fileEncoding = 4; lastKnownFileType = sourcecode.swift; path = HTTPRequestEventMonitor.swift; sourceTree = "<group>"; };
		C658CF0F2AD5DEA1009E561D /* HTTPRequestAdapter.swift */ = {isa = PBXFileReference; fileEncoding = 4; lastKnownFileType = sourcecode.swift; path = HTTPRequestAdapter.swift; sourceTree = "<group>"; };
		C658CF102AD5DEA1009E561D /* HTTPRequestInterceptor.swift */ = {isa = PBXFileReference; fileEncoding = 4; lastKnownFileType = sourcecode.swift; path = HTTPRequestInterceptor.swift; sourceTree = "<group>"; };
		C658CF112AD5DEA1009E561D /* HTTPRequestRetrier.swift */ = {isa = PBXFileReference; fileEncoding = 4; lastKnownFileType = sourcecode.swift; path = HTTPRequestRetrier.swift; sourceTree = "<group>"; };
		C658CF122AD5DEA1009E561D /* HTTPRequestRetryPolicy.swift */ = {isa = PBXFileReference; fileEncoding = 4; lastKnownFileType = sourcecode.swift; path = HTTPRequestRetryPolicy.swift; sourceTree = "<group>"; };
		C658CF152AD5DEE6009E561D /* HTTPMethod.swift */ = {isa = PBXFileReference; fileEncoding = 4; lastKnownFileType = sourcecode.swift; path = HTTPMethod.swift; sourceTree = "<group>"; };
		C658CF162AD5DEE6009E561D /* HTTPScheme.swift */ = {isa = PBXFileReference; fileEncoding = 4; lastKnownFileType = sourcecode.swift; path = HTTPScheme.swift; sourceTree = "<group>"; };
		C658CF192AD5DF03009E561D /* HTTPStatusCode.swift */ = {isa = PBXFileReference; fileEncoding = 4; lastKnownFileType = sourcecode.swift; path = HTTPStatusCode.swift; sourceTree = "<group>"; };
		C658CF1A2AD5DF03009E561D /* HTTPURLResponse+StatusCode.swift */ = {isa = PBXFileReference; fileEncoding = 4; lastKnownFileType = sourcecode.swift; path = "HTTPURLResponse+StatusCode.swift"; sourceTree = "<group>"; };
		C658CF1D2AD5DF24009E561D /* HTTPRequestRouter.swift */ = {isa = PBXFileReference; fileEncoding = 4; lastKnownFileType = sourcecode.swift; path = HTTPRequestRouter.swift; sourceTree = "<group>"; };
/* End PBXFileReference section */

/* Begin PBXFrameworksBuildPhase section */
		C658CEF82AD5DDD7009E561D /* Frameworks */ = {
			isa = PBXFrameworksBuildPhase;
			buildActionMask = 2147483647;
			files = (
			);
			runOnlyForDeploymentPostprocessing = 0;
		};
/* End PBXFrameworksBuildPhase section */

/* Begin PBXGroup section */
		C658CEF12AD5DDD7009E561D = {
			isa = PBXGroup;
			children = (
				C623E7452AD61A2B00A20A0A /* Package.swift */,
				C658CEFD2AD5DDD7009E561D /* Source */,
				C658CEFC2AD5DDD7009E561D /* Products */,
			);
			sourceTree = "<group>";
		};
		C658CEFC2AD5DDD7009E561D /* Products */ = {
			isa = PBXGroup;
			children = (
				C658CEFB2AD5DDD7009E561D /* CoreHTTP.framework */,
			);
			name = Products;
			sourceTree = "<group>";
		};
		C658CEFD2AD5DDD7009E561D /* Source */ = {
			isa = PBXGroup;
			children = (
				C658CF1F2AD5DF40009E561D /* Request */,
				C658CEFE2AD5DDD7009E561D /* CoreHTTP.h */,
			);
			path = Source;
			sourceTree = "<group>";
		};
		C658CF0C2AD5DEA1009E561D /* Error */ = {
			isa = PBXGroup;
			children = (
				C658CF052AD5DEA1009E561D /* DefaultHTTPAPIError.swift */,
				C658CF062AD5DEA1009E561D /* DefaultHTTPBodyError.swift */,
				C658CF072AD5DEA1009E561D /* HTTPAPIError.swift */,
				C658CF082AD5DEA1009E561D /* HTTPBodyError.swift */,
				C658CF092AD5DEA1009E561D /* HTTPClientError.swift */,
				C658CF0A2AD5DEA1009E561D /* HTTPError.swift */,
				C658CF0B2AD5DEA1009E561D /* HTTPServerError.swift */,
			);
			path = Error;
			sourceTree = "<group>";
		};
		C658CF0E2AD5DEA1009E561D /* Event Monitor */ = {
			isa = PBXGroup;
			children = (
				C658CF0D2AD5DEA1009E561D /* HTTPRequestEventMonitor.swift */,
			);
			path = "Event Monitor";
			sourceTree = "<group>";
		};
		C658CF132AD5DEA1009E561D /* Interceptor */ = {
			isa = PBXGroup;
			children = (
				C658CF0F2AD5DEA1009E561D /* HTTPRequestAdapter.swift */,
				C658CF102AD5DEA1009E561D /* HTTPRequestInterceptor.swift */,
				C658CF112AD5DEA1009E561D /* HTTPRequestRetrier.swift */,
				C658CF122AD5DEA1009E561D /* HTTPRequestRetryPolicy.swift */,
			);
			path = Interceptor;
			sourceTree = "<group>";
		};
		C658CF142AD5DED3009E561D /* Parameters */ = {
			isa = PBXGroup;
			children = (
				C658CF152AD5DEE6009E561D /* HTTPMethod.swift */,
				C658CF162AD5DEE6009E561D /* HTTPScheme.swift */,
			);
			path = Parameters;
			sourceTree = "<group>";
		};
		C658CF1B2AD5DF03009E561D /* Response */ = {
			isa = PBXGroup;
			children = (
				C658CF192AD5DF03009E561D /* HTTPStatusCode.swift */,
				C658CF1A2AD5DF03009E561D /* HTTPURLResponse+StatusCode.swift */,
			);
			path = Response;
			sourceTree = "<group>";
		};
		C658CF1C2AD5DF1A009E561D /* Router */ = {
			isa = PBXGroup;
			children = (
				C658CF1D2AD5DF24009E561D /* HTTPRequestRouter.swift */,
			);
			path = Router;
			sourceTree = "<group>";
		};
		C658CF1F2AD5DF40009E561D /* Request */ = {
			isa = PBXGroup;
			children = (
				C658CF0C2AD5DEA1009E561D /* Error */,
				C658CF0E2AD5DEA1009E561D /* Event Monitor */,
				C658CF132AD5DEA1009E561D /* Interceptor */,
				C658CF142AD5DED3009E561D /* Parameters */,
				C658CF1B2AD5DF03009E561D /* Response */,
				C658CF1C2AD5DF1A009E561D /* Router */,
			);
			path = Request;
			sourceTree = "<group>";
		};
/* End PBXGroup section */

/* Begin PBXHeadersBuildPhase section */
		C658CEF62AD5DDD7009E561D /* Headers */ = {
			isa = PBXHeadersBuildPhase;
			buildActionMask = 2147483647;
			files = (
				C658CEFF2AD5DDD7009E561D /* CoreHTTP.h in Headers */,
			);
			runOnlyForDeploymentPostprocessing = 0;
		};
/* End PBXHeadersBuildPhase section */

/* Begin PBXNativeTarget section */
		C658CEFA2AD5DDD7009E561D /* CoreHTTP */ = {
			isa = PBXNativeTarget;
			buildConfigurationList = C658CF022AD5DDD7009E561D /* Build configuration list for PBXNativeTarget "CoreHTTP" */;
			buildPhases = (
				C658CEF62AD5DDD7009E561D /* Headers */,
				C658CEF72AD5DDD7009E561D /* Sources */,
				C658CEF82AD5DDD7009E561D /* Frameworks */,
				C658CEF92AD5DDD7009E561D /* Resources */,
			);
			buildRules = (
			);
			dependencies = (
			);
			name = CoreHTTP;
			productName = CoreHTTP;
			productReference = C658CEFB2AD5DDD7009E561D /* CoreHTTP.framework */;
			productType = "com.apple.product-type.framework";
		};
/* End PBXNativeTarget section */

/* Begin PBXProject section */
		C658CEF22AD5DDD7009E561D /* Project object */ = {
			isa = PBXProject;
			attributes = {
				BuildIndependentTargetsInParallel = 1;
				LastUpgradeCheck = 1500;
				TargetAttributes = {
					C658CEFA2AD5DDD7009E561D = {
						CreatedOnToolsVersion = 15.0;
					};
				};
			};
			buildConfigurationList = C658CEF52AD5DDD7009E561D /* Build configuration list for PBXProject "CoreHTTP" */;
			compatibilityVersion = "Xcode 13.0";
			developmentRegion = en;
			hasScannedForEncodings = 0;
			knownRegions = (
				en,
				Base,
			);
			mainGroup = C658CEF12AD5DDD7009E561D;
			productRefGroup = C658CEFC2AD5DDD7009E561D /* Products */;
			projectDirPath = "";
			projectRoot = "";
			targets = (
				C658CEFA2AD5DDD7009E561D /* CoreHTTP */,
			);
		};
/* End PBXProject section */

/* Begin PBXResourcesBuildPhase section */
		C658CEF92AD5DDD7009E561D /* Resources */ = {
			isa = PBXResourcesBuildPhase;
			buildActionMask = 2147483647;
			files = (
			);
			runOnlyForDeploymentPostprocessing = 0;
		};
/* End PBXResourcesBuildPhase section */

/* Begin PBXSourcesBuildPhase section */
		C658CEF72AD5DDD7009E561D /* Sources */ = {
			isa = PBXSourcesBuildPhase;
			buildActionMask = 2147483647;
			files = (
				C658CF362AD5E2C7009E561D /* HTTPRequestAdapter.swift in Sources */,
				C658CF322AD5E2BA009E561D /* HTTPClientError.swift in Sources */,
				C658CF302AD5E2B5009E561D /* HTTPAPIError.swift in Sources */,
				C658CF2F2AD5E2B3009E561D /* DefaultHTTPBodyError.swift in Sources */,
				C658CF2E2AD5E2B1009E561D /* DefaultHTTPAPIError.swift in Sources */,
				C658CF342AD5E2BF009E561D /* HTTPServerError.swift in Sources */,
				C658CF182AD5DEE7009E561D /* HTTPScheme.swift in Sources */,
				C658CF3A2AD5E2DB009E561D /* HTTPURLResponse+StatusCode.swift in Sources */,
				C658CF382AD5E2CB009E561D /* HTTPRequestRetrier.swift in Sources */,
				C658CF1E2AD5DF24009E561D /* HTTPRequestRouter.swift in Sources */,
				C658CF352AD5E2C3009E561D /* HTTPRequestEventMonitor.swift in Sources */,
				C658CF2D2AD5E2AA009E561D /* HTTPRequestRetryPolicy.swift in Sources */,
				C658CF312AD5E2B8009E561D /* HTTPBodyError.swift in Sources */,
				C658CF332AD5E2BC009E561D /* HTTPError.swift in Sources */,
				C658CF172AD5DEE7009E561D /* HTTPMethod.swift in Sources */,
				C658CF392AD5E2D8009E561D /* HTTPStatusCode.swift in Sources */,
				C658CF372AD5E2C9009E561D /* HTTPRequestInterceptor.swift in Sources */,
			);
			runOnlyForDeploymentPostprocessing = 0;
		};
/* End PBXSourcesBuildPhase section */

/* Begin XCBuildConfiguration section */
		C658CF002AD5DDD7009E561D /* Debug */ = {
			isa = XCBuildConfiguration;
			buildSettings = {
				ALWAYS_SEARCH_USER_PATHS = NO;
				ASSETCATALOG_COMPILER_GENERATE_SWIFT_ASSET_SYMBOL_EXTENSIONS = YES;
				CLANG_ANALYZER_NONNULL = YES;
				CLANG_ANALYZER_NUMBER_OBJECT_CONVERSION = YES_AGGRESSIVE;
				CLANG_CXX_LANGUAGE_STANDARD = "gnu++20";
				CLANG_ENABLE_MODULES = YES;
				CLANG_ENABLE_OBJC_ARC = YES;
				CLANG_ENABLE_OBJC_WEAK = YES;
				CLANG_WARN_BLOCK_CAPTURE_AUTORELEASING = YES;
				CLANG_WARN_BOOL_CONVERSION = YES;
				CLANG_WARN_COMMA = YES;
				CLANG_WARN_CONSTANT_CONVERSION = YES;
				CLANG_WARN_DEPRECATED_OBJC_IMPLEMENTATIONS = YES;
				CLANG_WARN_DIRECT_OBJC_ISA_USAGE = YES_ERROR;
				CLANG_WARN_DOCUMENTATION_COMMENTS = YES;
				CLANG_WARN_EMPTY_BODY = YES;
				CLANG_WARN_ENUM_CONVERSION = YES;
				CLANG_WARN_INFINITE_RECURSION = YES;
				CLANG_WARN_INT_CONVERSION = YES;
				CLANG_WARN_NON_LITERAL_NULL_CONVERSION = YES;
				CLANG_WARN_OBJC_IMPLICIT_RETAIN_SELF = YES;
				CLANG_WARN_OBJC_LITERAL_CONVERSION = YES;
				CLANG_WARN_OBJC_ROOT_CLASS = YES_ERROR;
				CLANG_WARN_QUOTED_INCLUDE_IN_FRAMEWORK_HEADER = YES;
				CLANG_WARN_RANGE_LOOP_ANALYSIS = YES;
				CLANG_WARN_STRICT_PROTOTYPES = YES;
				CLANG_WARN_SUSPICIOUS_MOVE = YES;
				CLANG_WARN_UNGUARDED_AVAILABILITY = YES_AGGRESSIVE;
				CLANG_WARN_UNREACHABLE_CODE = YES;
				CLANG_WARN__DUPLICATE_METHOD_MATCH = YES;
				COPY_PHASE_STRIP = NO;
				CURRENT_PROJECT_VERSION = 1;
				DEBUG_INFORMATION_FORMAT = dwarf;
				ENABLE_STRICT_OBJC_MSGSEND = YES;
				ENABLE_TESTABILITY = YES;
				ENABLE_USER_SCRIPT_SANDBOXING = YES;
				GCC_C_LANGUAGE_STANDARD = gnu17;
				GCC_DYNAMIC_NO_PIC = NO;
				GCC_NO_COMMON_BLOCKS = YES;
				GCC_OPTIMIZATION_LEVEL = 0;
				GCC_PREPROCESSOR_DEFINITIONS = (
					"DEBUG=1",
					"$(inherited)",
				);
				GCC_WARN_64_TO_32_BIT_CONVERSION = YES;
				GCC_WARN_ABOUT_RETURN_TYPE = YES_ERROR;
				GCC_WARN_UNDECLARED_SELECTOR = YES;
				GCC_WARN_UNINITIALIZED_AUTOS = YES_AGGRESSIVE;
				GCC_WARN_UNUSED_FUNCTION = YES;
				GCC_WARN_UNUSED_VARIABLE = YES;
				IPHONEOS_DEPLOYMENT_TARGET = 14.0;
				LOCALIZATION_PREFERS_STRING_CATALOGS = YES;
				MACOSX_DEPLOYMENT_TARGET = 11.0;
				MTL_ENABLE_DEBUG_INFO = INCLUDE_SOURCE;
				MTL_FAST_MATH = YES;
				ONLY_ACTIVE_ARCH = YES;
				SDKROOT = iphoneos;
				SWIFT_ACTIVE_COMPILATION_CONDITIONS = "DEBUG $(inherited)";
				SWIFT_OPTIMIZATION_LEVEL = "-Onone";
				VERSIONING_SYSTEM = "apple-generic";
				VERSION_INFO_PREFIX = "";
			};
			name = Debug;
		};
		C658CF012AD5DDD7009E561D /* Release */ = {
			isa = XCBuildConfiguration;
			buildSettings = {
				ALWAYS_SEARCH_USER_PATHS = NO;
				ASSETCATALOG_COMPILER_GENERATE_SWIFT_ASSET_SYMBOL_EXTENSIONS = YES;
				CLANG_ANALYZER_NONNULL = YES;
				CLANG_ANALYZER_NUMBER_OBJECT_CONVERSION = YES_AGGRESSIVE;
				CLANG_CXX_LANGUAGE_STANDARD = "gnu++20";
				CLANG_ENABLE_MODULES = YES;
				CLANG_ENABLE_OBJC_ARC = YES;
				CLANG_ENABLE_OBJC_WEAK = YES;
				CLANG_WARN_BLOCK_CAPTURE_AUTORELEASING = YES;
				CLANG_WARN_BOOL_CONVERSION = YES;
				CLANG_WARN_COMMA = YES;
				CLANG_WARN_CONSTANT_CONVERSION = YES;
				CLANG_WARN_DEPRECATED_OBJC_IMPLEMENTATIONS = YES;
				CLANG_WARN_DIRECT_OBJC_ISA_USAGE = YES_ERROR;
				CLANG_WARN_DOCUMENTATION_COMMENTS = YES;
				CLANG_WARN_EMPTY_BODY = YES;
				CLANG_WARN_ENUM_CONVERSION = YES;
				CLANG_WARN_INFINITE_RECURSION = YES;
				CLANG_WARN_INT_CONVERSION = YES;
				CLANG_WARN_NON_LITERAL_NULL_CONVERSION = YES;
				CLANG_WARN_OBJC_IMPLICIT_RETAIN_SELF = YES;
				CLANG_WARN_OBJC_LITERAL_CONVERSION = YES;
				CLANG_WARN_OBJC_ROOT_CLASS = YES_ERROR;
				CLANG_WARN_QUOTED_INCLUDE_IN_FRAMEWORK_HEADER = YES;
				CLANG_WARN_RANGE_LOOP_ANALYSIS = YES;
				CLANG_WARN_STRICT_PROTOTYPES = YES;
				CLANG_WARN_SUSPICIOUS_MOVE = YES;
				CLANG_WARN_UNGUARDED_AVAILABILITY = YES_AGGRESSIVE;
				CLANG_WARN_UNREACHABLE_CODE = YES;
				CLANG_WARN__DUPLICATE_METHOD_MATCH = YES;
				COPY_PHASE_STRIP = NO;
				CURRENT_PROJECT_VERSION = 1;
				DEBUG_INFORMATION_FORMAT = "dwarf-with-dsym";
				ENABLE_NS_ASSERTIONS = NO;
				ENABLE_STRICT_OBJC_MSGSEND = YES;
				ENABLE_USER_SCRIPT_SANDBOXING = YES;
				GCC_C_LANGUAGE_STANDARD = gnu17;
				GCC_NO_COMMON_BLOCKS = YES;
				GCC_WARN_64_TO_32_BIT_CONVERSION = YES;
				GCC_WARN_ABOUT_RETURN_TYPE = YES_ERROR;
				GCC_WARN_UNDECLARED_SELECTOR = YES;
				GCC_WARN_UNINITIALIZED_AUTOS = YES_AGGRESSIVE;
				GCC_WARN_UNUSED_FUNCTION = YES;
				GCC_WARN_UNUSED_VARIABLE = YES;
				IPHONEOS_DEPLOYMENT_TARGET = 14.0;
				LOCALIZATION_PREFERS_STRING_CATALOGS = YES;
				MACOSX_DEPLOYMENT_TARGET = 11.0;
				MTL_ENABLE_DEBUG_INFO = NO;
				MTL_FAST_MATH = YES;
				SDKROOT = iphoneos;
				SWIFT_COMPILATION_MODE = wholemodule;
				VALIDATE_PRODUCT = YES;
				VERSIONING_SYSTEM = "apple-generic";
				VERSION_INFO_PREFIX = "";
			};
			name = Release;
		};
		C658CF032AD5DDD7009E561D /* Debug */ = {
			isa = XCBuildConfiguration;
			buildSettings = {
				CODE_SIGN_STYLE = Automatic;
				CURRENT_PROJECT_VERSION = 1;
				DEFINES_MODULE = YES;
				DEVELOPMENT_TEAM = Z3SPAA69G7;
				DYLIB_COMPATIBILITY_VERSION = 1;
				DYLIB_CURRENT_VERSION = 1;
				DYLIB_INSTALL_NAME_BASE = "@rpath";
				ENABLE_MODULE_VERIFIER = YES;
				GENERATE_INFOPLIST_FILE = YES;
				INFOPLIST_KEY_NSHumanReadableCopyright = "";
				INSTALL_PATH = "$(LOCAL_LIBRARY_DIR)/Frameworks";
				IPHONEOS_DEPLOYMENT_TARGET = 14.0;
				LD_RUNPATH_SEARCH_PATHS = (
					"$(inherited)",
					"@executable_path/Frameworks",
					"@loader_path/Frameworks",
				);
				MACOSX_DEPLOYMENT_TARGET = 11.0;
				MARKETING_VERSION = 1.0;
				MODULE_VERIFIER_SUPPORTED_LANGUAGES = "objective-c objective-c++";
				MODULE_VERIFIER_SUPPORTED_LANGUAGE_STANDARDS = "gnu17 gnu++20";
				PRODUCT_BUNDLE_IDENTIFIER = com.las.CoreHTTP;
				PRODUCT_NAME = "$(TARGET_NAME:c99extidentifier)";
				SKIP_INSTALL = YES;
				SUPPORTED_PLATFORMS = "iphoneos iphonesimulator macosx";
				SUPPORTS_MACCATALYST = NO;
				SUPPORTS_MAC_DESIGNED_FOR_IPHONE_IPAD = NO;
				SWIFT_EMIT_LOC_STRINGS = YES;
				SWIFT_VERSION = 5.0;
				TARGETED_DEVICE_FAMILY = "1,2";
			};
			name = Debug;
		};
		C658CF042AD5DDD7009E561D /* Release */ = {
			isa = XCBuildConfiguration;
			buildSettings = {
				CODE_SIGN_STYLE = Automatic;
				CURRENT_PROJECT_VERSION = 1;
				DEFINES_MODULE = YES;
				DEVELOPMENT_TEAM = Z3SPAA69G7;
				DYLIB_COMPATIBILITY_VERSION = 1;
				DYLIB_CURRENT_VERSION = 1;
				DYLIB_INSTALL_NAME_BASE = "@rpath";
				ENABLE_MODULE_VERIFIER = YES;
				GENERATE_INFOPLIST_FILE = YES;
				INFOPLIST_KEY_NSHumanReadableCopyright = "";
				INSTALL_PATH = "$(LOCAL_LIBRARY_DIR)/Frameworks";
				IPHONEOS_DEPLOYMENT_TARGET = 14.0;
				LD_RUNPATH_SEARCH_PATHS = (
					"$(inherited)",
					"@executable_path/Frameworks",
					"@loader_path/Frameworks",
				);
				MACOSX_DEPLOYMENT_TARGET = 11.0;
				MARKETING_VERSION = 1.0;
				MODULE_VERIFIER_SUPPORTED_LANGUAGES = "objective-c objective-c++";
				MODULE_VERIFIER_SUPPORTED_LANGUAGE_STANDARDS = "gnu17 gnu++20";
				PRODUCT_BUNDLE_IDENTIFIER = com.las.CoreHTTP;
				PRODUCT_NAME = "$(TARGET_NAME:c99extidentifier)";
				SKIP_INSTALL = YES;
				SUPPORTED_PLATFORMS = "iphoneos iphonesimulator macosx";
				SUPPORTS_MACCATALYST = NO;
				SUPPORTS_MAC_DESIGNED_FOR_IPHONE_IPAD = NO;
				SWIFT_EMIT_LOC_STRINGS = YES;
				SWIFT_VERSION = 5.0;
				TARGETED_DEVICE_FAMILY = "1,2";
			};
			name = Release;
		};
/* End XCBuildConfiguration section */

/* Begin XCConfigurationList section */
		C658CEF52AD5DDD7009E561D /* Build configuration list for PBXProject "CoreHTTP" */ = {
			isa = XCConfigurationList;
			buildConfigurations = (
				C658CF002AD5DDD7009E561D /* Debug */,
				C658CF012AD5DDD7009E561D /* Release */,
			);
			defaultConfigurationIsVisible = 0;
			defaultConfigurationName = Release;
		};
		C658CF022AD5DDD7009E561D /* Build configuration list for PBXNativeTarget "CoreHTTP" */ = {
			isa = XCConfigurationList;
			buildConfigurations = (
				C658CF032AD5DDD7009E561D /* Debug */,
				C658CF042AD5DDD7009E561D /* Release */,
			);
			defaultConfigurationIsVisible = 0;
			defaultConfigurationName = Release;
		};
/* End XCConfigurationList section */
	};
	rootObject = C658CEF22AD5DDD7009E561D /* Project object */;
}
