// !$*UTF8*$!
{
	archiveVersion = 1;
	classes = {
	};
	objectVersion = 55;
	objects = {

/* Begin PBXBuildFile section */
		0B77E08929D965D30077FBC0 /* Reactive+URLSessionDownloadResponse.swift in Sources */ = {isa = PBXBuildFile; fileRef = 0B77E04D29D965D30077FBC0 /* Reactive+URLSessionDownloadResponse.swift */; };
		0B77E08A29D965D30077FBC0 /* HTTPDownloadRequestEvent.swift in Sources */ = {isa = PBXBuildFile; fileRef = 0B77E04E29D965D30077FBC0 /* HTTPDownloadRequestEvent.swift */; };
		0B77E08B29D965D30077FBC0 /* URLSession+DownloadTask.swift in Sources */ = {isa = PBXBuildFile; fileRef = 0B77E04F29D965D30077FBC0 /* URLSession+DownloadTask.swift */; };
		0B77E08C29D965D30077FBC0 /* Reactive+URLSessionAdaptedDownloadResponse.swift in Sources */ = {isa = PBXBuildFile; fileRef = 0B77E05029D965D30077FBC0 /* Reactive+URLSessionAdaptedDownloadResponse.swift */; };
		0B77E08D29D965D30077FBC0 /* HTTPUploadRequestFormData.swift in Sources */ = {isa = PBXBuildFile; fileRef = 0B77E05229D965D30077FBC0 /* HTTPUploadRequestFormData.swift */; };
		0B77E08E29D965D30077FBC0 /* HTTPUploadRequestFile.swift in Sources */ = {isa = PBXBuildFile; fileRef = 0B77E05329D965D30077FBC0 /* HTTPUploadRequestFile.swift */; };
		0B77E08F29D965D30077FBC0 /* URLSession+UploadTask.swift in Sources */ = {isa = PBXBuildFile; fileRef = 0B77E05429D965D30077FBC0 /* URLSession+UploadTask.swift */; };
		0B77E09029D965D30077FBC0 /* Data+AppendString.swift in Sources */ = {isa = PBXBuildFile; fileRef = 0B77E05529D965D30077FBC0 /* Data+AppendString.swift */; };
		0B77E09129D965D30077FBC0 /* Reactive+URLSessionAdaptedUploadResponse.swift in Sources */ = {isa = PBXBuildFile; fileRef = 0B77E05629D965D30077FBC0 /* Reactive+URLSessionAdaptedUploadResponse.swift */; };
		0B77E09229D965D30077FBC0 /* HTTPUploadRequestEvent.swift in Sources */ = {isa = PBXBuildFile; fileRef = 0B77E05729D965D30077FBC0 /* HTTPUploadRequestEvent.swift */; };
		0B77E09329D965D30077FBC0 /* Reactive+URLSessionUploadResponse.swift in Sources */ = {isa = PBXBuildFile; fileRef = 0B77E05829D965D30077FBC0 /* Reactive+URLSessionUploadResponse.swift */; };
		0B77E09A29D965D30077FBC0 /* HTTPMIMEType.swift in Sources */ = {isa = PBXBuildFile; fileRef = 0B77E06229D965D30077FBC0 /* HTTPMIMEType.swift */; };
		0B77E09F29D965D30077FBC0 /* NWPath+InterfaceType.swift in Sources */ = {isa = PBXBuildFile; fileRef = 0B77E06829D965D30077FBC0 /* NWPath+InterfaceType.swift */; };
		0B77E0A029D965D30077FBC0 /* NetworkReachabilityStatus.swift in Sources */ = {isa = PBXBuildFile; fileRef = 0B77E06929D965D30077FBC0 /* NetworkReachabilityStatus.swift */; };
		0B77E0A129D965D30077FBC0 /* NWInterfaceType+RawRepresentable.swift in Sources */ = {isa = PBXBuildFile; fileRef = 0B77E06A29D965D30077FBC0 /* NWInterfaceType+RawRepresentable.swift */; };
		0B77E0A229D965D30077FBC0 /* NWInterfaceType+CaseIterable.swift in Sources */ = {isa = PBXBuildFile; fileRef = 0B77E06B29D965D30077FBC0 /* NWInterfaceType+CaseIterable.swift */; };
		0B77E0A329D965D30077FBC0 /* NetworkInterfaceType.swift in Sources */ = {isa = PBXBuildFile; fileRef = 0B77E06C29D965D30077FBC0 /* NetworkInterfaceType.swift */; };
		0B77E0A429D965D30077FBC0 /* NetworkReachability.swift in Sources */ = {isa = PBXBuildFile; fileRef = 0B77E06D29D965D30077FBC0 /* NetworkReachability.swift */; };
		0B77E0AB29D965D30077FBC0 /* Single+Retry.swift in Sources */ = {isa = PBXBuildFile; fileRef = 0B77E07929D965D30077FBC0 /* Single+Retry.swift */; };
		0B77E0AC29D965D30077FBC0 /* Single+Decode.swift in Sources */ = {isa = PBXBuildFile; fileRef = 0B77E07A29D965D30077FBC0 /* Single+Decode.swift */; };
		0B77E0AD29D965D30077FBC0 /* Single+CatchErrors.swift in Sources */ = {isa = PBXBuildFile; fileRef = 0B77E07B29D965D30077FBC0 /* Single+CatchErrors.swift */; };
		0B77E0AE29D965D30077FBC0 /* Single+VerifyResponse.swift in Sources */ = {isa = PBXBuildFile; fileRef = 0B77E07C29D965D30077FBC0 /* Single+VerifyResponse.swift */; };
		0B77E0AF29D965D30077FBC0 /* Single+Decodable.swift in Sources */ = {isa = PBXBuildFile; fileRef = 0B77E07D29D965D30077FBC0 /* Single+Decodable.swift */; };
		0B77E0B029D965D30077FBC0 /* Observable+Retry.swift in Sources */ = {isa = PBXBuildFile; fileRef = 0B77E07F29D965D30077FBC0 /* Observable+Retry.swift */; };
		0B77E0B129D965D30077FBC0 /* Observable+Decodable.swift in Sources */ = {isa = PBXBuildFile; fileRef = 0B77E08029D965D30077FBC0 /* Observable+Decodable.swift */; };
		0B77E0B229D965D30077FBC0 /* Completable+Retry.swift in Sources */ = {isa = PBXBuildFile; fileRef = 0B77E08229D965D30077FBC0 /* Completable+Retry.swift */; };
		0B77E0B329D965D30077FBC0 /* Reactive+Curl.swift in Sources */ = {isa = PBXBuildFile; fileRef = 0B77E08429D965D30077FBC0 /* Reactive+Curl.swift */; };
		0B77E0B429D965D30077FBC0 /* HTTPDownloadRequestRouter.swift in Sources */ = {isa = PBXBuildFile; fileRef = 0B77E08629D965D30077FBC0 /* HTTPDownloadRequestRouter.swift */; };
		0B77E0B629D965D30077FBC0 /* HTTPUploadRequestRouter.swift in Sources */ = {isa = PBXBuildFile; fileRef = 0B77E08829D965D30077FBC0 /* HTTPUploadRequestRouter.swift */; };
		0B77E0B929D968DE0077FBC0 /* RxCocoa in Frameworks */ = {isa = PBXBuildFile; productRef = 0B77E0B829D968DE0077FBC0 /* RxCocoa */; };
		0B77E0BB29D968DE0077FBC0 /* RxRelay in Frameworks */ = {isa = PBXBuildFile; productRef = 0B77E0BA29D968DE0077FBC0 /* RxRelay */; };
		0B77E0BD29D968DE0077FBC0 /* RxSwift in Frameworks */ = {isa = PBXBuildFile; productRef = 0B77E0BC29D968DE0077FBC0 /* RxSwift */; };
		0B77E0C029D969370077FBC0 /* RxSwiftExt in Frameworks */ = {isa = PBXBuildFile; productRef = 0B77E0BF29D969370077FBC0 /* RxSwiftExt */; };
		C6049B162A95307800E5727E /* RxNetworkKit.h in Headers */ = {isa = PBXBuildFile; fileRef = C6049B152A95307800E5727E /* RxNetworkKit.h */; };
		C61A7E242B6276F800407C38 /* HTTPRequestLogger.swift in Sources */ = {isa = PBXBuildFile; fileRef = C61A7E232B6276F800407C38 /* HTTPRequestLogger.swift */; };
		C61A7E262B62782D00407C38 /* Reactive+RESTResponse.swift in Sources */ = {isa = PBXBuildFile; fileRef = C61A7E252B62782D00407C38 /* Reactive+RESTResponse.swift */; };
		C61A7E2A2B62794900407C38 /* URLSession+OutgoingRequest.swift in Sources */ = {isa = PBXBuildFile; fileRef = C61A7E292B62794900407C38 /* URLSession+OutgoingRequest.swift */; };
		C61A7E2C2B62798800407C38 /* URLRequest+CURLCommand.swift in Sources */ = {isa = PBXBuildFile; fileRef = C61A7E2B2B62798800407C38 /* URLRequest+CURLCommand.swift */; };
		C61A7E2E2B6279C700407C38 /* Data+JSON.swift in Sources */ = {isa = PBXBuildFile; fileRef = C61A7E2D2B6279C700407C38 /* Data+JSON.swift */; };
		C61A7E302B627B3000407C38 /* SessionConfiguration.swift in Sources */ = {isa = PBXBuildFile; fileRef = C61A7E2F2B627B3000407C38 /* SessionConfiguration.swift */; };
		C61A7E322B62885F00407C38 /* URLSession+LogRequests.swift in Sources */ = {isa = PBXBuildFile; fileRef = C61A7E312B62885F00407C38 /* URLSession+LogRequests.swift */; };
		C61CB5642AF2CFDD006A203A /* Session.swift in Sources */ = {isa = PBXBuildFile; fileRef = C61CB5632AF2CFDD006A203A /* Session.swift */; };
		C6513B812BF76C7000A19EBC /* WebSocketClient.swift in Sources */ = {isa = PBXBuildFile; fileRef = C6513B802BF76C7000A19EBC /* WebSocketClient.swift */; };
		C6554A2B2AD5BBB60090DD3A /* RESTClient.swift in Sources */ = {isa = PBXBuildFile; fileRef = C6554A2A2AD5BBB60090DD3A /* RESTClient.swift */; };
		C6554A2D2AD5C1560090DD3A /* HTTPClient.swift in Sources */ = {isa = PBXBuildFile; fileRef = C6554A2C2AD5C1560090DD3A /* HTTPClient.swift */; };
		C69A78562ACF001400ECF092 /* Docs.docc in Sources */ = {isa = PBXBuildFile; fileRef = C69A78552ACEFF3200ECF092 /* Docs.docc */; };
		C6A9BEFA2A93F16200459E32 /* URLSessionConfiguration+setAdditionalHTTPHeader.swift in Sources */ = {isa = PBXBuildFile; fileRef = C6A9BEF92A93F16200459E32 /* URLSessionConfiguration+setAdditionalHTTPHeader.swift */; };
		C6A9BEFD2A93FAF100459E32 /* URLSessionConfiguration+setUserAgentHTTPHeader.swift in Sources */ = {isa = PBXBuildFile; fileRef = C6A9BEFC2A93FAF100459E32 /* URLSessionConfiguration+setUserAgentHTTPHeader.swift */; };
		C6A9BEFF2A93FB1D00459E32 /* ProcessInfo+operatingSystemName.swift in Sources */ = {isa = PBXBuildFile; fileRef = C6A9BEFE2A93FB1D00459E32 /* ProcessInfo+operatingSystemName.swift */; };
		C6B4B4C42AD47A2F009073ED /* WebSocketError.swift in Sources */ = {isa = PBXBuildFile; fileRef = C6B4B4C32AD47A2F009073ED /* WebSocketError.swift */; };
		C6BDFFE82ACDF3830022F675 /* Reactive+WebSocketReceive.swift in Sources */ = {isa = PBXBuildFile; fileRef = C6BDFFE72ACDF3830022F675 /* Reactive+WebSocketReceive.swift */; };
		C6BDFFEA2ACDF3D90022F675 /* Reactive+WebSocketSend.swift in Sources */ = {isa = PBXBuildFile; fileRef = C6BDFFE92ACDF3D90022F675 /* Reactive+WebSocketSend.swift */; };
		C6BDFFEC2ACDF4100022F675 /* Reactive+WebSocketPing.swift in Sources */ = {isa = PBXBuildFile; fileRef = C6BDFFEB2ACDF4100022F675 /* Reactive+WebSocketPing.swift */; };
		C6BDFFEE2ACDF46A0022F675 /* WebSocket.swift in Sources */ = {isa = PBXBuildFile; fileRef = C6BDFFED2ACDF46A0022F675 /* WebSocket.swift */; };
		C6BDFFF02ACDF4AB0022F675 /* WebSocketCloseHandler.swift in Sources */ = {isa = PBXBuildFile; fileRef = C6BDFFEF2ACDF4AB0022F675 /* WebSocketCloseHandler.swift */; };
		C6BDFFF32ACDF5100022F675 /* WebSocketMessage.swift in Sources */ = {isa = PBXBuildFile; fileRef = C6BDFFF22ACDF50F0022F675 /* WebSocketMessage.swift */; };
		C6BDFFF52ACDF5250022F675 /* WebSocketCloseCode.swift in Sources */ = {isa = PBXBuildFile; fileRef = C6BDFFF42ACDF5250022F675 /* WebSocketCloseCode.swift */; };
		C6C643012BE6C7B30071C2CC /* TLSTrustEvaluator.swift in Sources */ = {isa = PBXBuildFile; fileRef = C6C643002BE6C7B30071C2CC /* TLSTrustEvaluator.swift */; };
		C6C643032BE6C8580071C2CC /* TLSTrustEvaluatorConfiguration.swift in Sources */ = {isa = PBXBuildFile; fileRef = C6C643022BE6C8580071C2CC /* TLSTrustEvaluatorConfiguration.swift */; };
		C6C643052BE6C8770071C2CC /* TLSTrustEvaluationPolicy.swift in Sources */ = {isa = PBXBuildFile; fileRef = C6C643042BE6C8770071C2CC /* TLSTrustEvaluationPolicy.swift */; };
		C6C643092BE6C9340071C2CC /* SecCertificate+Bundle.swift in Sources */ = {isa = PBXBuildFile; fileRef = C6C643082BE6C9340071C2CC /* SecCertificate+Bundle.swift */; };
		C6C6430B2BE6C9510071C2CC /* SecCertificate+PublicKey.swift in Sources */ = {isa = PBXBuildFile; fileRef = C6C6430A2BE6C9510071C2CC /* SecCertificate+PublicKey.swift */; };
		C6C6430D2BE6C98B0071C2CC /* SecKey+ExternalRepresentation.swift in Sources */ = {isa = PBXBuildFile; fileRef = C6C6430C2BE6C98B0071C2CC /* SecKey+ExternalRepresentation.swift */; };
		C6C6430F2BE6C9A40071C2CC /* SecKey+Bundle.swift in Sources */ = {isa = PBXBuildFile; fileRef = C6C6430E2BE6C9A40071C2CC /* SecKey+Bundle.swift */; };
		C6C643112BE6C9EC0071C2CC /* Set+SecCertificate.swift in Sources */ = {isa = PBXBuildFile; fileRef = C6C643102BE6C9EC0071C2CC /* Set+SecCertificate.swift */; };
		C6C643132BE6CA080071C2CC /* Set+SecKey.swift in Sources */ = {isa = PBXBuildFile; fileRef = C6C643122BE6CA080071C2CC /* Set+SecKey.swift */; };
		C6C643152BE6CA830071C2CC /* Data+SecCertificate.swift in Sources */ = {isa = PBXBuildFile; fileRef = C6C643142BE6CA830071C2CC /* Data+SecCertificate.swift */; };
		C6EAFAE22BF77B00008D3C2B /* DefaultHTTPAPIError.swift in Sources */ = {isa = PBXBuildFile; fileRef = C6EAFACC2BF77B00008D3C2B /* DefaultHTTPAPIError.swift */; };
		C6EAFAE32BF77B00008D3C2B /* DefaultHTTPBodyError.swift in Sources */ = {isa = PBXBuildFile; fileRef = C6EAFACD2BF77B00008D3C2B /* DefaultHTTPBodyError.swift */; };
		C6EAFAE42BF77B00008D3C2B /* HTTPAPIError.swift in Sources */ = {isa = PBXBuildFile; fileRef = C6EAFACE2BF77B00008D3C2B /* HTTPAPIError.swift */; };
		C6EAFAE52BF77B00008D3C2B /* HTTPBodyError.swift in Sources */ = {isa = PBXBuildFile; fileRef = C6EAFACF2BF77B00008D3C2B /* HTTPBodyError.swift */; };
		C6EAFAE62BF77B00008D3C2B /* HTTPClientError.swift in Sources */ = {isa = PBXBuildFile; fileRef = C6EAFAD02BF77B00008D3C2B /* HTTPClientError.swift */; };
		C6EAFAE72BF77B00008D3C2B /* HTTPError.swift in Sources */ = {isa = PBXBuildFile; fileRef = C6EAFAD12BF77B00008D3C2B /* HTTPError.swift */; };
		C6EAFAE82BF77B00008D3C2B /* HTTPServerError.swift in Sources */ = {isa = PBXBuildFile; fileRef = C6EAFAD22BF77B00008D3C2B /* HTTPServerError.swift */; };
		C6EAFAE92BF77B00008D3C2B /* HTTPRequestAdapter.swift in Sources */ = {isa = PBXBuildFile; fileRef = C6EAFAD42BF77B00008D3C2B /* HTTPRequestAdapter.swift */; };
		C6EAFAEA2BF77B00008D3C2B /* HTTPRequestInterceptor.swift in Sources */ = {isa = PBXBuildFile; fileRef = C6EAFAD52BF77B00008D3C2B /* HTTPRequestInterceptor.swift */; };
		C6EAFAEB2BF77B00008D3C2B /* HTTPRequestRetrier.swift in Sources */ = {isa = PBXBuildFile; fileRef = C6EAFAD62BF77B00008D3C2B /* HTTPRequestRetrier.swift */; };
		C6EAFAEC2BF77B00008D3C2B /* HTTPRequestRetryPolicy.swift in Sources */ = {isa = PBXBuildFile; fileRef = C6EAFAD72BF77B00008D3C2B /* HTTPRequestRetryPolicy.swift */; };
		C6EAFAED2BF77B00008D3C2B /* HTTPMethod.swift in Sources */ = {isa = PBXBuildFile; fileRef = C6EAFAD92BF77B00008D3C2B /* HTTPMethod.swift */; };
		C6EAFAEE2BF77B00008D3C2B /* HTTPScheme.swift in Sources */ = {isa = PBXBuildFile; fileRef = C6EAFADA2BF77B00008D3C2B /* HTTPScheme.swift */; };
		C6EAFAEF2BF77B00008D3C2B /* HTTPStatusCode.swift in Sources */ = {isa = PBXBuildFile; fileRef = C6EAFADC2BF77B00008D3C2B /* HTTPStatusCode.swift */; };
		C6EAFAF02BF77B00008D3C2B /* HTTPURLResponse+StatusCode.swift in Sources */ = {isa = PBXBuildFile; fileRef = C6EAFADD2BF77B00008D3C2B /* HTTPURLResponse+StatusCode.swift */; };
		C6EAFAF12BF77B00008D3C2B /* HTTPRequestRouter.swift in Sources */ = {isa = PBXBuildFile; fileRef = C6EAFADF2BF77B00008D3C2B /* HTTPRequestRouter.swift */; };
/* End PBXBuildFile section */

/* Begin PBXFileReference section */
		0B6BD87329DC0A9400502F47 /* Package.swift */ = {isa = PBXFileReference; lastKnownFileType = sourcecode.swift; path = Package.swift; sourceTree = "<group>"; };
		0B77DFD629D964D40077FBC0 /* RxNetworkKit.framework */ = {isa = PBXFileReference; explicitFileType = wrapper.framework; includeInIndex = 0; path = RxNetworkKit.framework; sourceTree = BUILT_PRODUCTS_DIR; };
		0B77E04D29D965D30077FBC0 /* Reactive+URLSessionDownloadResponse.swift */ = {isa = PBXFileReference; fileEncoding = 4; lastKnownFileType = sourcecode.swift; path = "Reactive+URLSessionDownloadResponse.swift"; sourceTree = "<group>"; };
		0B77E04E29D965D30077FBC0 /* HTTPDownloadRequestEvent.swift */ = {isa = PBXFileReference; fileEncoding = 4; lastKnownFileType = sourcecode.swift; path = HTTPDownloadRequestEvent.swift; sourceTree = "<group>"; };
		0B77E04F29D965D30077FBC0 /* URLSession+DownloadTask.swift */ = {isa = PBXFileReference; fileEncoding = 4; lastKnownFileType = sourcecode.swift; path = "URLSession+DownloadTask.swift"; sourceTree = "<group>"; };
		0B77E05029D965D30077FBC0 /* Reactive+URLSessionAdaptedDownloadResponse.swift */ = {isa = PBXFileReference; fileEncoding = 4; lastKnownFileType = sourcecode.swift; path = "Reactive+URLSessionAdaptedDownloadResponse.swift"; sourceTree = "<group>"; };
		0B77E05229D965D30077FBC0 /* HTTPUploadRequestFormData.swift */ = {isa = PBXFileReference; fileEncoding = 4; lastKnownFileType = sourcecode.swift; path = HTTPUploadRequestFormData.swift; sourceTree = "<group>"; };
		0B77E05329D965D30077FBC0 /* HTTPUploadRequestFile.swift */ = {isa = PBXFileReference; fileEncoding = 4; lastKnownFileType = sourcecode.swift; path = HTTPUploadRequestFile.swift; sourceTree = "<group>"; };
		0B77E05429D965D30077FBC0 /* URLSession+UploadTask.swift */ = {isa = PBXFileReference; fileEncoding = 4; lastKnownFileType = sourcecode.swift; path = "URLSession+UploadTask.swift"; sourceTree = "<group>"; };
		0B77E05529D965D30077FBC0 /* Data+AppendString.swift */ = {isa = PBXFileReference; fileEncoding = 4; lastKnownFileType = sourcecode.swift; path = "Data+AppendString.swift"; sourceTree = "<group>"; };
		0B77E05629D965D30077FBC0 /* Reactive+URLSessionAdaptedUploadResponse.swift */ = {isa = PBXFileReference; fileEncoding = 4; lastKnownFileType = sourcecode.swift; path = "Reactive+URLSessionAdaptedUploadResponse.swift"; sourceTree = "<group>"; };
		0B77E05729D965D30077FBC0 /* HTTPUploadRequestEvent.swift */ = {isa = PBXFileReference; fileEncoding = 4; lastKnownFileType = sourcecode.swift; path = HTTPUploadRequestEvent.swift; sourceTree = "<group>"; };
		0B77E05829D965D30077FBC0 /* Reactive+URLSessionUploadResponse.swift */ = {isa = PBXFileReference; fileEncoding = 4; lastKnownFileType = sourcecode.swift; path = "Reactive+URLSessionUploadResponse.swift"; sourceTree = "<group>"; };
		0B77E06229D965D30077FBC0 /* HTTPMIMEType.swift */ = {isa = PBXFileReference; fileEncoding = 4; lastKnownFileType = sourcecode.swift; path = HTTPMIMEType.swift; sourceTree = "<group>"; };
		0B77E06829D965D30077FBC0 /* NWPath+InterfaceType.swift */ = {isa = PBXFileReference; fileEncoding = 4; lastKnownFileType = sourcecode.swift; path = "NWPath+InterfaceType.swift"; sourceTree = "<group>"; };
		0B77E06929D965D30077FBC0 /* NetworkReachabilityStatus.swift */ = {isa = PBXFileReference; fileEncoding = 4; lastKnownFileType = sourcecode.swift; path = NetworkReachabilityStatus.swift; sourceTree = "<group>"; };
		0B77E06A29D965D30077FBC0 /* NWInterfaceType+RawRepresentable.swift */ = {isa = PBXFileReference; fileEncoding = 4; lastKnownFileType = sourcecode.swift; path = "NWInterfaceType+RawRepresentable.swift"; sourceTree = "<group>"; };
		0B77E06B29D965D30077FBC0 /* NWInterfaceType+CaseIterable.swift */ = {isa = PBXFileReference; fileEncoding = 4; lastKnownFileType = sourcecode.swift; path = "NWInterfaceType+CaseIterable.swift"; sourceTree = "<group>"; };
		0B77E06C29D965D30077FBC0 /* NetworkInterfaceType.swift */ = {isa = PBXFileReference; fileEncoding = 4; lastKnownFileType = sourcecode.swift; path = NetworkInterfaceType.swift; sourceTree = "<group>"; };
		0B77E06D29D965D30077FBC0 /* NetworkReachability.swift */ = {isa = PBXFileReference; fileEncoding = 4; lastKnownFileType = sourcecode.swift; path = NetworkReachability.swift; sourceTree = "<group>"; };
		0B77E07929D965D30077FBC0 /* Single+Retry.swift */ = {isa = PBXFileReference; fileEncoding = 4; lastKnownFileType = sourcecode.swift; path = "Single+Retry.swift"; sourceTree = "<group>"; };
		0B77E07A29D965D30077FBC0 /* Single+Decode.swift */ = {isa = PBXFileReference; fileEncoding = 4; lastKnownFileType = sourcecode.swift; path = "Single+Decode.swift"; sourceTree = "<group>"; };
		0B77E07B29D965D30077FBC0 /* Single+CatchErrors.swift */ = {isa = PBXFileReference; fileEncoding = 4; lastKnownFileType = sourcecode.swift; path = "Single+CatchErrors.swift"; sourceTree = "<group>"; };
		0B77E07C29D965D30077FBC0 /* Single+VerifyResponse.swift */ = {isa = PBXFileReference; fileEncoding = 4; lastKnownFileType = sourcecode.swift; path = "Single+VerifyResponse.swift"; sourceTree = "<group>"; };
		0B77E07D29D965D30077FBC0 /* Single+Decodable.swift */ = {isa = PBXFileReference; fileEncoding = 4; lastKnownFileType = sourcecode.swift; path = "Single+Decodable.swift"; sourceTree = "<group>"; };
		0B77E07F29D965D30077FBC0 /* Observable+Retry.swift */ = {isa = PBXFileReference; fileEncoding = 4; lastKnownFileType = sourcecode.swift; path = "Observable+Retry.swift"; sourceTree = "<group>"; };
		0B77E08029D965D30077FBC0 /* Observable+Decodable.swift */ = {isa = PBXFileReference; fileEncoding = 4; lastKnownFileType = sourcecode.swift; path = "Observable+Decodable.swift"; sourceTree = "<group>"; };
		0B77E08229D965D30077FBC0 /* Completable+Retry.swift */ = {isa = PBXFileReference; fileEncoding = 4; lastKnownFileType = sourcecode.swift; path = "Completable+Retry.swift"; sourceTree = "<group>"; };
		0B77E08429D965D30077FBC0 /* Reactive+Curl.swift */ = {isa = PBXFileReference; fileEncoding = 4; lastKnownFileType = sourcecode.swift; path = "Reactive+Curl.swift"; sourceTree = "<group>"; };
		0B77E08629D965D30077FBC0 /* HTTPDownloadRequestRouter.swift */ = {isa = PBXFileReference; fileEncoding = 4; lastKnownFileType = sourcecode.swift; path = HTTPDownloadRequestRouter.swift; sourceTree = "<group>"; };
		0B77E08829D965D30077FBC0 /* HTTPUploadRequestRouter.swift */ = {isa = PBXFileReference; fileEncoding = 4; lastKnownFileType = sourcecode.swift; path = HTTPUploadRequestRouter.swift; sourceTree = "<group>"; };
		C6049B152A95307800E5727E /* RxNetworkKit.h */ = {isa = PBXFileReference; fileEncoding = 4; lastKnownFileType = sourcecode.c.h; path = RxNetworkKit.h; sourceTree = "<group>"; };
		C61A7E232B6276F800407C38 /* HTTPRequestLogger.swift */ = {isa = PBXFileReference; lastKnownFileType = sourcecode.swift; path = HTTPRequestLogger.swift; sourceTree = "<group>"; };
		C61A7E252B62782D00407C38 /* Reactive+RESTResponse.swift */ = {isa = PBXFileReference; lastKnownFileType = sourcecode.swift; path = "Reactive+RESTResponse.swift"; sourceTree = "<group>"; };
		C61A7E292B62794900407C38 /* URLSession+OutgoingRequest.swift */ = {isa = PBXFileReference; lastKnownFileType = sourcecode.swift; path = "URLSession+OutgoingRequest.swift"; sourceTree = "<group>"; };
		C61A7E2B2B62798800407C38 /* URLRequest+CURLCommand.swift */ = {isa = PBXFileReference; lastKnownFileType = sourcecode.swift; path = "URLRequest+CURLCommand.swift"; sourceTree = "<group>"; };
		C61A7E2D2B6279C700407C38 /* Data+JSON.swift */ = {isa = PBXFileReference; lastKnownFileType = sourcecode.swift; path = "Data+JSON.swift"; sourceTree = "<group>"; };
		C61A7E2F2B627B3000407C38 /* SessionConfiguration.swift */ = {isa = PBXFileReference; lastKnownFileType = sourcecode.swift; path = SessionConfiguration.swift; sourceTree = "<group>"; };
		C61A7E312B62885F00407C38 /* URLSession+LogRequests.swift */ = {isa = PBXFileReference; lastKnownFileType = sourcecode.swift; path = "URLSession+LogRequests.swift"; sourceTree = "<group>"; };
		C61CB5632AF2CFDD006A203A /* Session.swift */ = {isa = PBXFileReference; lastKnownFileType = sourcecode.swift; path = Session.swift; sourceTree = "<group>"; };
		C625C4D52BF7786E00761FD6 /* CoreHTTP.framework */ = {isa = PBXFileReference; explicitFileType = wrapper.framework; path = CoreHTTP.framework; sourceTree = BUILT_PRODUCTS_DIR; };
		C6513B802BF76C7000A19EBC /* WebSocketClient.swift */ = {isa = PBXFileReference; lastKnownFileType = sourcecode.swift; path = WebSocketClient.swift; sourceTree = "<group>"; };
		C6554A2A2AD5BBB60090DD3A /* RESTClient.swift */ = {isa = PBXFileReference; lastKnownFileType = sourcecode.swift; path = RESTClient.swift; sourceTree = "<group>"; };
		C6554A2C2AD5C1560090DD3A /* HTTPClient.swift */ = {isa = PBXFileReference; lastKnownFileType = sourcecode.swift; path = HTTPClient.swift; sourceTree = "<group>"; };
		C69A78552ACEFF3200ECF092 /* Docs.docc */ = {isa = PBXFileReference; lastKnownFileType = folder.documentationcatalog; path = Docs.docc; sourceTree = "<group>"; };
		C6A9BEF92A93F16200459E32 /* URLSessionConfiguration+setAdditionalHTTPHeader.swift */ = {isa = PBXFileReference; lastKnownFileType = sourcecode.swift; path = "URLSessionConfiguration+setAdditionalHTTPHeader.swift"; sourceTree = "<group>"; };
		C6A9BEFC2A93FAF100459E32 /* URLSessionConfiguration+setUserAgentHTTPHeader.swift */ = {isa = PBXFileReference; lastKnownFileType = sourcecode.swift; path = "URLSessionConfiguration+setUserAgentHTTPHeader.swift"; sourceTree = "<group>"; };
		C6A9BEFE2A93FB1D00459E32 /* ProcessInfo+operatingSystemName.swift */ = {isa = PBXFileReference; lastKnownFileType = sourcecode.swift; path = "ProcessInfo+operatingSystemName.swift"; sourceTree = "<group>"; };
		C6B4B4C32AD47A2F009073ED /* WebSocketError.swift */ = {isa = PBXFileReference; lastKnownFileType = sourcecode.swift; path = WebSocketError.swift; sourceTree = "<group>"; };
		C6BDFFE72ACDF3830022F675 /* Reactive+WebSocketReceive.swift */ = {isa = PBXFileReference; lastKnownFileType = sourcecode.swift; path = "Reactive+WebSocketReceive.swift"; sourceTree = "<group>"; };
		C6BDFFE92ACDF3D90022F675 /* Reactive+WebSocketSend.swift */ = {isa = PBXFileReference; lastKnownFileType = sourcecode.swift; path = "Reactive+WebSocketSend.swift"; sourceTree = "<group>"; };
		C6BDFFEB2ACDF4100022F675 /* Reactive+WebSocketPing.swift */ = {isa = PBXFileReference; lastKnownFileType = sourcecode.swift; path = "Reactive+WebSocketPing.swift"; sourceTree = "<group>"; };
		C6BDFFED2ACDF46A0022F675 /* WebSocket.swift */ = {isa = PBXFileReference; lastKnownFileType = sourcecode.swift; path = WebSocket.swift; sourceTree = "<group>"; };
		C6BDFFEF2ACDF4AB0022F675 /* WebSocketCloseHandler.swift */ = {isa = PBXFileReference; lastKnownFileType = sourcecode.swift; path = WebSocketCloseHandler.swift; sourceTree = "<group>"; };
		C6BDFFF22ACDF50F0022F675 /* WebSocketMessage.swift */ = {isa = PBXFileReference; lastKnownFileType = sourcecode.swift; path = WebSocketMessage.swift; sourceTree = "<group>"; };
		C6BDFFF42ACDF5250022F675 /* WebSocketCloseCode.swift */ = {isa = PBXFileReference; lastKnownFileType = sourcecode.swift; path = WebSocketCloseCode.swift; sourceTree = "<group>"; };
		C6C643002BE6C7B30071C2CC /* TLSTrustEvaluator.swift */ = {isa = PBXFileReference; lastKnownFileType = sourcecode.swift; path = TLSTrustEvaluator.swift; sourceTree = "<group>"; };
		C6C643022BE6C8580071C2CC /* TLSTrustEvaluatorConfiguration.swift */ = {isa = PBXFileReference; lastKnownFileType = sourcecode.swift; path = TLSTrustEvaluatorConfiguration.swift; sourceTree = "<group>"; };
		C6C643042BE6C8770071C2CC /* TLSTrustEvaluationPolicy.swift */ = {isa = PBXFileReference; lastKnownFileType = sourcecode.swift; path = TLSTrustEvaluationPolicy.swift; sourceTree = "<group>"; };
		C6C643082BE6C9340071C2CC /* SecCertificate+Bundle.swift */ = {isa = PBXFileReference; lastKnownFileType = sourcecode.swift; path = "SecCertificate+Bundle.swift"; sourceTree = "<group>"; };
		C6C6430A2BE6C9510071C2CC /* SecCertificate+PublicKey.swift */ = {isa = PBXFileReference; lastKnownFileType = sourcecode.swift; path = "SecCertificate+PublicKey.swift"; sourceTree = "<group>"; };
		C6C6430C2BE6C98B0071C2CC /* SecKey+ExternalRepresentation.swift */ = {isa = PBXFileReference; lastKnownFileType = sourcecode.swift; path = "SecKey+ExternalRepresentation.swift"; sourceTree = "<group>"; };
		C6C6430E2BE6C9A40071C2CC /* SecKey+Bundle.swift */ = {isa = PBXFileReference; lastKnownFileType = sourcecode.swift; path = "SecKey+Bundle.swift"; sourceTree = "<group>"; };
		C6C643102BE6C9EC0071C2CC /* Set+SecCertificate.swift */ = {isa = PBXFileReference; lastKnownFileType = sourcecode.swift; path = "Set+SecCertificate.swift"; sourceTree = "<group>"; };
		C6C643122BE6CA080071C2CC /* Set+SecKey.swift */ = {isa = PBXFileReference; lastKnownFileType = sourcecode.swift; path = "Set+SecKey.swift"; sourceTree = "<group>"; };
		C6C643142BE6CA830071C2CC /* Data+SecCertificate.swift */ = {isa = PBXFileReference; lastKnownFileType = sourcecode.swift; path = "Data+SecCertificate.swift"; sourceTree = "<group>"; };
		C6EAFACC2BF77B00008D3C2B /* DefaultHTTPAPIError.swift */ = {isa = PBXFileReference; fileEncoding = 4; lastKnownFileType = sourcecode.swift; path = DefaultHTTPAPIError.swift; sourceTree = "<group>"; };
		C6EAFACD2BF77B00008D3C2B /* DefaultHTTPBodyError.swift */ = {isa = PBXFileReference; fileEncoding = 4; lastKnownFileType = sourcecode.swift; path = DefaultHTTPBodyError.swift; sourceTree = "<group>"; };
		C6EAFACE2BF77B00008D3C2B /* HTTPAPIError.swift */ = {isa = PBXFileReference; fileEncoding = 4; lastKnownFileType = sourcecode.swift; path = HTTPAPIError.swift; sourceTree = "<group>"; };
		C6EAFACF2BF77B00008D3C2B /* HTTPBodyError.swift */ = {isa = PBXFileReference; fileEncoding = 4; lastKnownFileType = sourcecode.swift; path = HTTPBodyError.swift; sourceTree = "<group>"; };
		C6EAFAD02BF77B00008D3C2B /* HTTPClientError.swift */ = {isa = PBXFileReference; fileEncoding = 4; lastKnownFileType = sourcecode.swift; path = HTTPClientError.swift; sourceTree = "<group>"; };
		C6EAFAD12BF77B00008D3C2B /* HTTPError.swift */ = {isa = PBXFileReference; fileEncoding = 4; lastKnownFileType = sourcecode.swift; path = HTTPError.swift; sourceTree = "<group>"; };
		C6EAFAD22BF77B00008D3C2B /* HTTPServerError.swift */ = {isa = PBXFileReference; fileEncoding = 4; lastKnownFileType = sourcecode.swift; path = HTTPServerError.swift; sourceTree = "<group>"; };
		C6EAFAD42BF77B00008D3C2B /* HTTPRequestAdapter.swift */ = {isa = PBXFileReference; fileEncoding = 4; lastKnownFileType = sourcecode.swift; path = HTTPRequestAdapter.swift; sourceTree = "<group>"; };
		C6EAFAD52BF77B00008D3C2B /* HTTPRequestInterceptor.swift */ = {isa = PBXFileReference; fileEncoding = 4; lastKnownFileType = sourcecode.swift; path = HTTPRequestInterceptor.swift; sourceTree = "<group>"; };
		C6EAFAD62BF77B00008D3C2B /* HTTPRequestRetrier.swift */ = {isa = PBXFileReference; fileEncoding = 4; lastKnownFileType = sourcecode.swift; path = HTTPRequestRetrier.swift; sourceTree = "<group>"; };
		C6EAFAD72BF77B00008D3C2B /* HTTPRequestRetryPolicy.swift */ = {isa = PBXFileReference; fileEncoding = 4; lastKnownFileType = sourcecode.swift; path = HTTPRequestRetryPolicy.swift; sourceTree = "<group>"; };
		C6EAFAD92BF77B00008D3C2B /* HTTPMethod.swift */ = {isa = PBXFileReference; fileEncoding = 4; lastKnownFileType = sourcecode.swift; path = HTTPMethod.swift; sourceTree = "<group>"; };
		C6EAFADA2BF77B00008D3C2B /* HTTPScheme.swift */ = {isa = PBXFileReference; fileEncoding = 4; lastKnownFileType = sourcecode.swift; path = HTTPScheme.swift; sourceTree = "<group>"; };
		C6EAFADC2BF77B00008D3C2B /* HTTPStatusCode.swift */ = {isa = PBXFileReference; fileEncoding = 4; lastKnownFileType = sourcecode.swift; path = HTTPStatusCode.swift; sourceTree = "<group>"; };
		C6EAFADD2BF77B00008D3C2B /* HTTPURLResponse+StatusCode.swift */ = {isa = PBXFileReference; fileEncoding = 4; lastKnownFileType = sourcecode.swift; path = "HTTPURLResponse+StatusCode.swift"; sourceTree = "<group>"; };
		C6EAFADF2BF77B00008D3C2B /* HTTPRequestRouter.swift */ = {isa = PBXFileReference; fileEncoding = 4; lastKnownFileType = sourcecode.swift; path = HTTPRequestRouter.swift; sourceTree = "<group>"; };
/* End PBXFileReference section */

/* Begin PBXFrameworksBuildPhase section */
		0B77DFD329D964D40077FBC0 /* Frameworks */ = {
			isa = PBXFrameworksBuildPhase;
			buildActionMask = 2147483647;
			files = (
				0B77E0BD29D968DE0077FBC0 /* RxSwift in Frameworks */,
				0B77E0BB29D968DE0077FBC0 /* RxRelay in Frameworks */,
				0B77E0C029D969370077FBC0 /* RxSwiftExt in Frameworks */,
				0B77E0B929D968DE0077FBC0 /* RxCocoa in Frameworks */,
			);
			runOnlyForDeploymentPostprocessing = 0;
		};
/* End PBXFrameworksBuildPhase section */

/* Begin PBXGroup section */
		0B77DFCC29D964D40077FBC0 = {
			isa = PBXGroup;
			children = (
				0B6BD87329DC0A9400502F47 /* Package.swift */,
				C69A78552ACEFF3200ECF092 /* Docs.docc */,
				0B77E04A29D965D30077FBC0 /* Source */,
				0B77DFD729D964D40077FBC0 /* Products */,
				C625C4D42BF7786E00761FD6 /* Frameworks */,
			);
			sourceTree = "<group>";
		};
		0B77DFD729D964D40077FBC0 /* Products */ = {
			isa = PBXGroup;
			children = (
				0B77DFD629D964D40077FBC0 /* RxNetworkKit.framework */,
			);
			name = Products;
			sourceTree = "<group>";
		};
		0B77E04A29D965D30077FBC0 /* Source */ = {
			isa = PBXGroup;
			children = (
				C61CB5622AF2CF31006A203A /* Session */,
				C6C642FF2BE6C78E0071C2CC /* TLS */,
				C6554A292AD5B5600090DD3A /* REST */,
				0B77E06129D965D30077FBC0 /* HTTP */,
				C6513B7B2BF76BDC00A19EBC /* WebSocket */,
				0B77E06729D965D30077FBC0 /* Reachability */,
				C625C4DC2BF77A2400761FD6 /* Common */,
				C6049B152A95307800E5727E /* RxNetworkKit.h */,
			);
			path = Source;
			sourceTree = "<group>";
		};
		0B77E06129D965D30077FBC0 /* HTTP */ = {
			isa = PBXGroup;
			children = (
				C6554A362AD5C6A60090DD3A /* Extensions */,
				C6554A382AD5C7DF0090DD3A /* Types */,
			);
			path = HTTP;
			sourceTree = "<group>";
		};
		0B77E06729D965D30077FBC0 /* Reachability */ = {
			isa = PBXGroup;
			children = (
				0B77E06C29D965D30077FBC0 /* NetworkInterfaceType.swift */,
				0B77E06D29D965D30077FBC0 /* NetworkReachability.swift */,
				0B77E06929D965D30077FBC0 /* NetworkReachabilityStatus.swift */,
				0B77E06B29D965D30077FBC0 /* NWInterfaceType+CaseIterable.swift */,
				0B77E06A29D965D30077FBC0 /* NWInterfaceType+RawRepresentable.swift */,
				0B77E06829D965D30077FBC0 /* NWPath+InterfaceType.swift */,
			);
			path = Reachability;
			sourceTree = "<group>";
		};
		C61A7E222B6276D900407C38 /* Logger */ = {
			isa = PBXGroup;
			children = (
				C61A7E232B6276F800407C38 /* HTTPRequestLogger.swift */,
			);
			path = Logger;
			sourceTree = "<group>";
		};
		C61A7E272B6278A900407C38 /* Types */ = {
			isa = PBXGroup;
			children = (
				C61CB5632AF2CFDD006A203A /* Session.swift */,
				C61A7E2F2B627B3000407C38 /* SessionConfiguration.swift */,
			);
			path = Types;
			sourceTree = "<group>";
		};
		C61A7E282B6278B500407C38 /* Extensions */ = {
			isa = PBXGroup;
			children = (
				C6A9BEFE2A93FB1D00459E32 /* ProcessInfo+operatingSystemName.swift */,
				C6A9BEF92A93F16200459E32 /* URLSessionConfiguration+setAdditionalHTTPHeader.swift */,
				C6A9BEFC2A93FAF100459E32 /* URLSessionConfiguration+setUserAgentHTTPHeader.swift */,
			);
			path = Extensions;
			sourceTree = "<group>";
		};
		C61CB5622AF2CF31006A203A /* Session */ = {
			isa = PBXGroup;
			children = (
				C61A7E282B6278B500407C38 /* Extensions */,
				C61A7E272B6278A900407C38 /* Types */,
			);
			path = Session;
			sourceTree = "<group>";
		};
		C625C4D42BF7786E00761FD6 /* Frameworks */ = {
			isa = PBXGroup;
			children = (
				C625C4D52BF7786E00761FD6 /* CoreHTTP.framework */,
			);
			name = Frameworks;
			sourceTree = "<group>";
		};
		C625C4DC2BF77A2400761FD6 /* Common */ = {
			isa = PBXGroup;
			children = (
				C6EAFAE12BF77B00008D3C2B /* Request */,
			);
			path = Common;
			sourceTree = "<group>";
		};
		C6513B7B2BF76BDC00A19EBC /* WebSocket */ = {
			isa = PBXGroup;
			children = (
				C6513B7C2BF76BF000A19EBC /* Extensions */,
				C6513B7D2BF76BF700A19EBC /* Types */,
			);
			path = WebSocket;
			sourceTree = "<group>";
		};
		C6513B7C2BF76BF000A19EBC /* Extensions */ = {
			isa = PBXGroup;
			children = (
				C6BDFFEB2ACDF4100022F675 /* Reactive+WebSocketPing.swift */,
				C6BDFFE72ACDF3830022F675 /* Reactive+WebSocketReceive.swift */,
				C6BDFFE92ACDF3D90022F675 /* Reactive+WebSocketSend.swift */,
			);
			path = Extensions;
			sourceTree = "<group>";
		};
		C6513B7D2BF76BF700A19EBC /* Types */ = {
			isa = PBXGroup;
			children = (
				C6513B7E2BF76C3A00A19EBC /* Client */,
				C6513B7F2BF76C4800A19EBC /* Connection */,
			);
			path = Types;
			sourceTree = "<group>";
		};
		C6513B7E2BF76C3A00A19EBC /* Client */ = {
			isa = PBXGroup;
			children = (
				C6513B802BF76C7000A19EBC /* WebSocketClient.swift */,
			);
			path = Client;
			sourceTree = "<group>";
		};
		C6513B7F2BF76C4800A19EBC /* Connection */ = {
			isa = PBXGroup;
			children = (
				C6BDFFED2ACDF46A0022F675 /* WebSocket.swift */,
				C6BDFFF42ACDF5250022F675 /* WebSocketCloseCode.swift */,
				C6BDFFEF2ACDF4AB0022F675 /* WebSocketCloseHandler.swift */,
				C6B4B4C32AD47A2F009073ED /* WebSocketError.swift */,
				C6BDFFF22ACDF50F0022F675 /* WebSocketMessage.swift */,
			);
			path = Connection;
			sourceTree = "<group>";
		};
		C6554A292AD5B5600090DD3A /* REST */ = {
			isa = PBXGroup;
			children = (
				C6554A372AD5C7AD0090DD3A /* Extensions */,
				C6554A392AD5C7FB0090DD3A /* Types */,
			);
			path = REST;
			sourceTree = "<group>";
		};
		C6554A2E2AD5C4F30090DD3A /* Parameters */ = {
			isa = PBXGroup;
			children = (
				0B77E05329D965D30077FBC0 /* HTTPUploadRequestFile.swift */,
				0B77E05229D965D30077FBC0 /* HTTPUploadRequestFormData.swift */,
				0B77E06229D965D30077FBC0 /* HTTPMIMEType.swift */,
			);
			path = Parameters;
			sourceTree = "<group>";
		};
		C6554A312AD5C5940090DD3A /* Router */ = {
			isa = PBXGroup;
			children = (
				0B77E08629D965D30077FBC0 /* HTTPDownloadRequestRouter.swift */,
				0B77E08829D965D30077FBC0 /* HTTPUploadRequestRouter.swift */,
			);
			path = Router;
			sourceTree = "<group>";
		};
		C6554A322AD5C64D0090DD3A /* Request */ = {
			isa = PBXGroup;
			children = (
				C6554A342AD5C6830090DD3A /* Event */,
				C61A7E222B6276D900407C38 /* Logger */,
				C6554A2E2AD5C4F30090DD3A /* Parameters */,
				C6554A312AD5C5940090DD3A /* Router */,
			);
			path = Request;
			sourceTree = "<group>";
		};
		C6554A342AD5C6830090DD3A /* Event */ = {
			isa = PBXGroup;
			children = (
				0B77E04E29D965D30077FBC0 /* HTTPDownloadRequestEvent.swift */,
				0B77E05729D965D30077FBC0 /* HTTPUploadRequestEvent.swift */,
			);
			path = Event;
			sourceTree = "<group>";
		};
		C6554A352AD5C6950090DD3A /* Client */ = {
			isa = PBXGroup;
			children = (
				C6554A2C2AD5C1560090DD3A /* HTTPClient.swift */,
			);
			path = Client;
			sourceTree = "<group>";
		};
		C6554A362AD5C6A60090DD3A /* Extensions */ = {
			isa = PBXGroup;
			children = (
				0B77E05529D965D30077FBC0 /* Data+AppendString.swift */,
				C61A7E2D2B6279C700407C38 /* Data+JSON.swift */,
				0B77E08029D965D30077FBC0 /* Observable+Decodable.swift */,
				0B77E07F29D965D30077FBC0 /* Observable+Retry.swift */,
				0B77E08429D965D30077FBC0 /* Reactive+Curl.swift */,
				0B77E05029D965D30077FBC0 /* Reactive+URLSessionAdaptedDownloadResponse.swift */,
				0B77E05629D965D30077FBC0 /* Reactive+URLSessionAdaptedUploadResponse.swift */,
				0B77E04D29D965D30077FBC0 /* Reactive+URLSessionDownloadResponse.swift */,
				0B77E05829D965D30077FBC0 /* Reactive+URLSessionUploadResponse.swift */,
				C61A7E2B2B62798800407C38 /* URLRequest+CURLCommand.swift */,
				0B77E04F29D965D30077FBC0 /* URLSession+DownloadTask.swift */,
				C61A7E312B62885F00407C38 /* URLSession+LogRequests.swift */,
				C61A7E292B62794900407C38 /* URLSession+OutgoingRequest.swift */,
				0B77E05429D965D30077FBC0 /* URLSession+UploadTask.swift */,
			);
			path = Extensions;
			sourceTree = "<group>";
		};
		C6554A372AD5C7AD0090DD3A /* Extensions */ = {
			isa = PBXGroup;
			children = (
				0B77E08229D965D30077FBC0 /* Completable+Retry.swift */,
				C61A7E252B62782D00407C38 /* Reactive+RESTResponse.swift */,
				0B77E07B29D965D30077FBC0 /* Single+CatchErrors.swift */,
				0B77E07D29D965D30077FBC0 /* Single+Decodable.swift */,
				0B77E07A29D965D30077FBC0 /* Single+Decode.swift */,
				0B77E07929D965D30077FBC0 /* Single+Retry.swift */,
				0B77E07C29D965D30077FBC0 /* Single+VerifyResponse.swift */,
			);
			path = Extensions;
			sourceTree = "<group>";
		};
		C6554A382AD5C7DF0090DD3A /* Types */ = {
			isa = PBXGroup;
			children = (
				C6554A352AD5C6950090DD3A /* Client */,
				C6554A322AD5C64D0090DD3A /* Request */,
			);
			path = Types;
			sourceTree = "<group>";
		};
		C6554A392AD5C7FB0090DD3A /* Types */ = {
			isa = PBXGroup;
			children = (
				C6554A3A2AD5C8050090DD3A /* Client */,
			);
			path = Types;
			sourceTree = "<group>";
		};
		C6554A3A2AD5C8050090DD3A /* Client */ = {
			isa = PBXGroup;
			children = (
				C6554A2A2AD5BBB60090DD3A /* RESTClient.swift */,
			);
			path = Client;
			sourceTree = "<group>";
		};
		C6C642FF2BE6C78E0071C2CC /* TLS */ = {
			isa = PBXGroup;
			children = (
				C6C643162BE6CACF0071C2CC /* Extensions */,
				C6C643172BE6CAFE0071C2CC /* Types */,
			);
			path = TLS;
			sourceTree = "<group>";
		};
		C6C643162BE6CACF0071C2CC /* Extensions */ = {
			isa = PBXGroup;
			children = (
				C6C643142BE6CA830071C2CC /* Data+SecCertificate.swift */,
				C6C643082BE6C9340071C2CC /* SecCertificate+Bundle.swift */,
				C6C6430A2BE6C9510071C2CC /* SecCertificate+PublicKey.swift */,
				C6C6430E2BE6C9A40071C2CC /* SecKey+Bundle.swift */,
				C6C6430C2BE6C98B0071C2CC /* SecKey+ExternalRepresentation.swift */,
				C6C643102BE6C9EC0071C2CC /* Set+SecCertificate.swift */,
				C6C643122BE6CA080071C2CC /* Set+SecKey.swift */,
			);
			path = Extensions;
			sourceTree = "<group>";
		};
		C6C643172BE6CAFE0071C2CC /* Types */ = {
			isa = PBXGroup;
			children = (
				C6C643042BE6C8770071C2CC /* TLSTrustEvaluationPolicy.swift */,
				C6C643002BE6C7B30071C2CC /* TLSTrustEvaluator.swift */,
				C6C643022BE6C8580071C2CC /* TLSTrustEvaluatorConfiguration.swift */,
			);
			path = Types;
			sourceTree = "<group>";
		};
		C6EAFAD32BF77B00008D3C2B /* Error */ = {
			isa = PBXGroup;
			children = (
				C6EAFACC2BF77B00008D3C2B /* DefaultHTTPAPIError.swift */,
				C6EAFACD2BF77B00008D3C2B /* DefaultHTTPBodyError.swift */,
				C6EAFACE2BF77B00008D3C2B /* HTTPAPIError.swift */,
				C6EAFACF2BF77B00008D3C2B /* HTTPBodyError.swift */,
				C6EAFAD02BF77B00008D3C2B /* HTTPClientError.swift */,
				C6EAFAD12BF77B00008D3C2B /* HTTPError.swift */,
				C6EAFAD22BF77B00008D3C2B /* HTTPServerError.swift */,
			);
			path = Error;
			sourceTree = "<group>";
		};
		C6EAFAD82BF77B00008D3C2B /* Interceptor */ = {
			isa = PBXGroup;
			children = (
				C6EAFAD42BF77B00008D3C2B /* HTTPRequestAdapter.swift */,
				C6EAFAD52BF77B00008D3C2B /* HTTPRequestInterceptor.swift */,
				C6EAFAD62BF77B00008D3C2B /* HTTPRequestRetrier.swift */,
				C6EAFAD72BF77B00008D3C2B /* HTTPRequestRetryPolicy.swift */,
			);
			path = Interceptor;
			sourceTree = "<group>";
		};
		C6EAFADB2BF77B00008D3C2B /* Parameters */ = {
			isa = PBXGroup;
			children = (
				C6EAFAD92BF77B00008D3C2B /* HTTPMethod.swift */,
				C6EAFADA2BF77B00008D3C2B /* HTTPScheme.swift */,
			);
			path = Parameters;
			sourceTree = "<group>";
		};
		C6EAFADE2BF77B00008D3C2B /* Response */ = {
			isa = PBXGroup;
			children = (
				C6EAFADC2BF77B00008D3C2B /* HTTPStatusCode.swift */,
				C6EAFADD2BF77B00008D3C2B /* HTTPURLResponse+StatusCode.swift */,
			);
			path = Response;
			sourceTree = "<group>";
		};
		C6EAFAE02BF77B00008D3C2B /* Router */ = {
			isa = PBXGroup;
			children = (
				C6EAFADF2BF77B00008D3C2B /* HTTPRequestRouter.swift */,
			);
			path = Router;
			sourceTree = "<group>";
		};
		C6EAFAE12BF77B00008D3C2B /* Request */ = {
			isa = PBXGroup;
			children = (
				C6EAFAD32BF77B00008D3C2B /* Error */,
				C6EAFAD82BF77B00008D3C2B /* Interceptor */,
				C6EAFADB2BF77B00008D3C2B /* Parameters */,
				C6EAFADE2BF77B00008D3C2B /* Response */,
				C6EAFAE02BF77B00008D3C2B /* Router */,
			);
			path = Request;
			sourceTree = "<group>";
		};
/* End PBXGroup section */

/* Begin PBXHeadersBuildPhase section */
		0B77DFD129D964D40077FBC0 /* Headers */ = {
			isa = PBXHeadersBuildPhase;
			buildActionMask = 2147483647;
			files = (
				C6049B162A95307800E5727E /* RxNetworkKit.h in Headers */,
			);
			runOnlyForDeploymentPostprocessing = 0;
		};
/* End PBXHeadersBuildPhase section */

/* Begin PBXNativeTarget section */
		0B77DFD529D964D40077FBC0 /* RxNetworkKit */ = {
			isa = PBXNativeTarget;
			buildConfigurationList = 0B77DFDD29D964D40077FBC0 /* Build configuration list for PBXNativeTarget "RxNetworkKit" */;
			buildPhases = (
				0B77DFD129D964D40077FBC0 /* Headers */,
				0B77DFD229D964D40077FBC0 /* Sources */,
				0B77DFD329D964D40077FBC0 /* Frameworks */,
				0B77DFD429D964D40077FBC0 /* Resources */,
			);
			buildRules = (
			);
			dependencies = (
			);
			name = RxNetworkKit;
			packageProductDependencies = (
				0B77E0B829D968DE0077FBC0 /* RxCocoa */,
				0B77E0BA29D968DE0077FBC0 /* RxRelay */,
				0B77E0BC29D968DE0077FBC0 /* RxSwift */,
				0B77E0BF29D969370077FBC0 /* RxSwiftExt */,
			);
			productName = RxNetworkKit;
			productReference = 0B77DFD629D964D40077FBC0 /* RxNetworkKit.framework */;
			productType = "com.apple.product-type.framework";
		};
/* End PBXNativeTarget section */

/* Begin PBXProject section */
		0B77DFCD29D964D40077FBC0 /* Project object */ = {
			isa = PBXProject;
			attributes = {
				BuildIndependentTargetsInParallel = 1;
				LastUpgradeCheck = 1430;
				TargetAttributes = {
					0B77DFD529D964D40077FBC0 = {
						CreatedOnToolsVersion = 14.2;
					};
				};
			};
			buildConfigurationList = 0B77DFD029D964D40077FBC0 /* Build configuration list for PBXProject "RxNetworkKit" */;
			compatibilityVersion = "Xcode 13.0";
			developmentRegion = en;
			hasScannedForEncodings = 0;
			knownRegions = (
				en,
				Base,
			);
			mainGroup = 0B77DFCC29D964D40077FBC0;
			packageReferences = (
				0B77E0B729D968DE0077FBC0 /* XCRemoteSwiftPackageReference "RxSwift" */,
				0B77E0BE29D969370077FBC0 /* XCRemoteSwiftPackageReference "RxSwiftExt" */,
			);
			productRefGroup = 0B77DFCC29D964D40077FBC0;
			projectDirPath = "";
			projectRoot = "";
			targets = (
				0B77DFD529D964D40077FBC0 /* RxNetworkKit */,
			);
		};
/* End PBXProject section */

/* Begin PBXResourcesBuildPhase section */
		0B77DFD429D964D40077FBC0 /* Resources */ = {
			isa = PBXResourcesBuildPhase;
			buildActionMask = 2147483647;
			files = (
			);
			runOnlyForDeploymentPostprocessing = 0;
		};
/* End PBXResourcesBuildPhase section */

/* Begin PBXSourcesBuildPhase section */
		0B77DFD229D964D40077FBC0 /* Sources */ = {
			isa = PBXSourcesBuildPhase;
			buildActionMask = 2147483647;
			files = (
				C6BDFFF02ACDF4AB0022F675 /* WebSocketCloseHandler.swift in Sources */,
				0B77E0AD29D965D30077FBC0 /* Single+CatchErrors.swift in Sources */,
				0B77E0B329D965D30077FBC0 /* Reactive+Curl.swift in Sources */,
				C6BDFFEA2ACDF3D90022F675 /* Reactive+WebSocketSend.swift in Sources */,
				0B77E09F29D965D30077FBC0 /* NWPath+InterfaceType.swift in Sources */,
				0B77E0A029D965D30077FBC0 /* NetworkReachabilityStatus.swift in Sources */,
				C6EAFAEC2BF77B00008D3C2B /* HTTPRequestRetryPolicy.swift in Sources */,
				0B77E0AE29D965D30077FBC0 /* Single+VerifyResponse.swift in Sources */,
				C6EAFAED2BF77B00008D3C2B /* HTTPMethod.swift in Sources */,
				C6C643092BE6C9340071C2CC /* SecCertificate+Bundle.swift in Sources */,
				0B77E0B429D965D30077FBC0 /* HTTPDownloadRequestRouter.swift in Sources */,
				C6C643132BE6CA080071C2CC /* Set+SecKey.swift in Sources */,
				0B77E09A29D965D30077FBC0 /* HTTPMIMEType.swift in Sources */,
				C6A9BEFF2A93FB1D00459E32 /* ProcessInfo+operatingSystemName.swift in Sources */,
				C6EAFAE72BF77B00008D3C2B /* HTTPError.swift in Sources */,
				C6EAFAF02BF77B00008D3C2B /* HTTPURLResponse+StatusCode.swift in Sources */,
				C6C643032BE6C8580071C2CC /* TLSTrustEvaluatorConfiguration.swift in Sources */,
				0B77E08E29D965D30077FBC0 /* HTTPUploadRequestFile.swift in Sources */,
				0B77E08D29D965D30077FBC0 /* HTTPUploadRequestFormData.swift in Sources */,
				C61A7E262B62782D00407C38 /* Reactive+RESTResponse.swift in Sources */,
				C6EAFAEE2BF77B00008D3C2B /* HTTPScheme.swift in Sources */,
				0B77E0AF29D965D30077FBC0 /* Single+Decodable.swift in Sources */,
				C69A78562ACF001400ECF092 /* Docs.docc in Sources */,
				0B77E0A129D965D30077FBC0 /* NWInterfaceType+RawRepresentable.swift in Sources */,
				0B77E0B129D965D30077FBC0 /* Observable+Decodable.swift in Sources */,
				C6C6430F2BE6C9A40071C2CC /* SecKey+Bundle.swift in Sources */,
				C6EAFAEA2BF77B00008D3C2B /* HTTPRequestInterceptor.swift in Sources */,
				C6C643152BE6CA830071C2CC /* Data+SecCertificate.swift in Sources */,
				C6513B812BF76C7000A19EBC /* WebSocketClient.swift in Sources */,
				0B77E08A29D965D30077FBC0 /* HTTPDownloadRequestEvent.swift in Sources */,
				C6EAFAE52BF77B00008D3C2B /* HTTPBodyError.swift in Sources */,
				C6A9BEFD2A93FAF100459E32 /* URLSessionConfiguration+setUserAgentHTTPHeader.swift in Sources */,
				C6EAFAEB2BF77B00008D3C2B /* HTTPRequestRetrier.swift in Sources */,
				C6554A2B2AD5BBB60090DD3A /* RESTClient.swift in Sources */,
				C6EAFAE82BF77B00008D3C2B /* HTTPServerError.swift in Sources */,
				C6C643052BE6C8770071C2CC /* TLSTrustEvaluationPolicy.swift in Sources */,
				0B77E09129D965D30077FBC0 /* Reactive+URLSessionAdaptedUploadResponse.swift in Sources */,
				C6EAFAE22BF77B00008D3C2B /* DefaultHTTPAPIError.swift in Sources */,
				C6C643012BE6C7B30071C2CC /* TLSTrustEvaluator.swift in Sources */,
				C6A9BEFA2A93F16200459E32 /* URLSessionConfiguration+setAdditionalHTTPHeader.swift in Sources */,
				C6EAFAE32BF77B00008D3C2B /* DefaultHTTPBodyError.swift in Sources */,
				C6EAFAEF2BF77B00008D3C2B /* HTTPStatusCode.swift in Sources */,
				C6BDFFF32ACDF5100022F675 /* WebSocketMessage.swift in Sources */,
				C61A7E242B6276F800407C38 /* HTTPRequestLogger.swift in Sources */,
				C6C6430B2BE6C9510071C2CC /* SecCertificate+PublicKey.swift in Sources */,
				C61A7E302B627B3000407C38 /* SessionConfiguration.swift in Sources */,
				C6EAFAE42BF77B00008D3C2B /* HTTPAPIError.swift in Sources */,
				C6B4B4C42AD47A2F009073ED /* WebSocketError.swift in Sources */,
				0B77E0A429D965D30077FBC0 /* NetworkReachability.swift in Sources */,
				C6EAFAE62BF77B00008D3C2B /* HTTPClientError.swift in Sources */,
				0B77E0B229D965D30077FBC0 /* Completable+Retry.swift in Sources */,
				0B77E0B029D965D30077FBC0 /* Observable+Retry.swift in Sources */,
				0B77E08B29D965D30077FBC0 /* URLSession+DownloadTask.swift in Sources */,
				C6BDFFF52ACDF5250022F675 /* WebSocketCloseCode.swift in Sources */,
				0B77E0B629D965D30077FBC0 /* HTTPUploadRequestRouter.swift in Sources */,
				0B77E0AB29D965D30077FBC0 /* Single+Retry.swift in Sources */,
				C6C643112BE6C9EC0071C2CC /* Set+SecCertificate.swift in Sources */,
				C61A7E2C2B62798800407C38 /* URLRequest+CURLCommand.swift in Sources */,
				0B77E08F29D965D30077FBC0 /* URLSession+UploadTask.swift in Sources */,
				0B77E08C29D965D30077FBC0 /* Reactive+URLSessionAdaptedDownloadResponse.swift in Sources */,
				0B77E0A229D965D30077FBC0 /* NWInterfaceType+CaseIterable.swift in Sources */,
				C6BDFFEE2ACDF46A0022F675 /* WebSocket.swift in Sources */,
				C61CB5642AF2CFDD006A203A /* Session.swift in Sources */,
				0B77E09329D965D30077FBC0 /* Reactive+URLSessionUploadResponse.swift in Sources */,
				0B77E0AC29D965D30077FBC0 /* Single+Decode.swift in Sources */,
				C61A7E2E2B6279C700407C38 /* Data+JSON.swift in Sources */,
				C6EAFAF12BF77B00008D3C2B /* HTTPRequestRouter.swift in Sources */,
				0B77E0A329D965D30077FBC0 /* NetworkInterfaceType.swift in Sources */,
				C6C6430D2BE6C98B0071C2CC /* SecKey+ExternalRepresentation.swift in Sources */,
				0B77E09229D965D30077FBC0 /* HTTPUploadRequestEvent.swift in Sources */,
				0B77E09029D965D30077FBC0 /* Data+AppendString.swift in Sources */,
				C6BDFFE82ACDF3830022F675 /* Reactive+WebSocketReceive.swift in Sources */,
				C61A7E322B62885F00407C38 /* URLSession+LogRequests.swift in Sources */,
				0B77E08929D965D30077FBC0 /* Reactive+URLSessionDownloadResponse.swift in Sources */,
				C6554A2D2AD5C1560090DD3A /* HTTPClient.swift in Sources */,
				C61A7E2A2B62794900407C38 /* URLSession+OutgoingRequest.swift in Sources */,
				C6EAFAE92BF77B00008D3C2B /* HTTPRequestAdapter.swift in Sources */,
				C6BDFFEC2ACDF4100022F675 /* Reactive+WebSocketPing.swift in Sources */,
			);
			runOnlyForDeploymentPostprocessing = 0;
		};
/* End PBXSourcesBuildPhase section */

/* Begin XCBuildConfiguration section */
		0B77DFDB29D964D40077FBC0 /* Debug */ = {
			isa = XCBuildConfiguration;
			buildSettings = {
				ALWAYS_SEARCH_USER_PATHS = NO;
				CLANG_ANALYZER_NONNULL = YES;
				CLANG_ANALYZER_NUMBER_OBJECT_CONVERSION = YES_AGGRESSIVE;
				CLANG_CXX_LANGUAGE_STANDARD = "gnu++20";
				CLANG_ENABLE_MODULES = YES;
				CLANG_ENABLE_OBJC_ARC = YES;
				CLANG_ENABLE_OBJC_WEAK = YES;
				CLANG_WARN_BLOCK_CAPTURE_AUTORELEASING = YES;
				CLANG_WARN_BOOL_CONVERSION = YES;
				CLANG_WARN_COMMA = YES;
				CLANG_WARN_CONSTANT_CONVERSION = YES;
				CLANG_WARN_DEPRECATED_OBJC_IMPLEMENTATIONS = YES;
				CLANG_WARN_DIRECT_OBJC_ISA_USAGE = YES_ERROR;
				CLANG_WARN_DOCUMENTATION_COMMENTS = YES;
				CLANG_WARN_EMPTY_BODY = YES;
				CLANG_WARN_ENUM_CONVERSION = YES;
				CLANG_WARN_INFINITE_RECURSION = YES;
				CLANG_WARN_INT_CONVERSION = YES;
				CLANG_WARN_NON_LITERAL_NULL_CONVERSION = YES;
				CLANG_WARN_OBJC_IMPLICIT_RETAIN_SELF = YES;
				CLANG_WARN_OBJC_LITERAL_CONVERSION = YES;
				CLANG_WARN_OBJC_ROOT_CLASS = YES_ERROR;
				CLANG_WARN_QUOTED_INCLUDE_IN_FRAMEWORK_HEADER = YES;
				CLANG_WARN_RANGE_LOOP_ANALYSIS = YES;
				CLANG_WARN_STRICT_PROTOTYPES = YES;
				CLANG_WARN_SUSPICIOUS_MOVE = YES;
				CLANG_WARN_UNGUARDED_AVAILABILITY = YES_AGGRESSIVE;
				CLANG_WARN_UNREACHABLE_CODE = YES;
				CLANG_WARN__DUPLICATE_METHOD_MATCH = YES;
				COPY_PHASE_STRIP = NO;
				CURRENT_PROJECT_VERSION = 1;
				DEBUG_INFORMATION_FORMAT = dwarf;
				ENABLE_STRICT_OBJC_MSGSEND = YES;
				ENABLE_TESTABILITY = YES;
				GCC_C_LANGUAGE_STANDARD = gnu11;
				GCC_DYNAMIC_NO_PIC = NO;
				GCC_NO_COMMON_BLOCKS = YES;
				GCC_OPTIMIZATION_LEVEL = 0;
				GCC_PREPROCESSOR_DEFINITIONS = (
					"DEBUG=1",
					"$(inherited)",
				);
				GCC_WARN_64_TO_32_BIT_CONVERSION = YES;
				GCC_WARN_ABOUT_RETURN_TYPE = YES_ERROR;
				GCC_WARN_UNDECLARED_SELECTOR = YES;
				GCC_WARN_UNINITIALIZED_AUTOS = YES_AGGRESSIVE;
				GCC_WARN_UNUSED_FUNCTION = YES;
				GCC_WARN_UNUSED_VARIABLE = YES;
				IPHONEOS_DEPLOYMENT_TARGET = 14.0;
				MACOSX_DEPLOYMENT_TARGET = 11.0;
				MTL_ENABLE_DEBUG_INFO = INCLUDE_SOURCE;
				MTL_FAST_MATH = YES;
				ONLY_ACTIVE_ARCH = YES;
				SDKROOT = iphoneos;
				SWIFT_ACTIVE_COMPILATION_CONDITIONS = DEBUG;
				SWIFT_OPTIMIZATION_LEVEL = "-Onone";
				TVOS_DEPLOYMENT_TARGET = 14.0;
				VERSIONING_SYSTEM = "apple-generic";
				VERSION_INFO_PREFIX = "";
				WATCHOS_DEPLOYMENT_TARGET = 7.0;
			};
			name = Debug;
		};
		0B77DFDC29D964D40077FBC0 /* Release */ = {
			isa = XCBuildConfiguration;
			buildSettings = {
				ALWAYS_SEARCH_USER_PATHS = NO;
				CLANG_ANALYZER_NONNULL = YES;
				CLANG_ANALYZER_NUMBER_OBJECT_CONVERSION = YES_AGGRESSIVE;
				CLANG_CXX_LANGUAGE_STANDARD = "gnu++20";
				CLANG_ENABLE_MODULES = YES;
				CLANG_ENABLE_OBJC_ARC = YES;
				CLANG_ENABLE_OBJC_WEAK = YES;
				CLANG_WARN_BLOCK_CAPTURE_AUTORELEASING = YES;
				CLANG_WARN_BOOL_CONVERSION = YES;
				CLANG_WARN_COMMA = YES;
				CLANG_WARN_CONSTANT_CONVERSION = YES;
				CLANG_WARN_DEPRECATED_OBJC_IMPLEMENTATIONS = YES;
				CLANG_WARN_DIRECT_OBJC_ISA_USAGE = YES_ERROR;
				CLANG_WARN_DOCUMENTATION_COMMENTS = YES;
				CLANG_WARN_EMPTY_BODY = YES;
				CLANG_WARN_ENUM_CONVERSION = YES;
				CLANG_WARN_INFINITE_RECURSION = YES;
				CLANG_WARN_INT_CONVERSION = YES;
				CLANG_WARN_NON_LITERAL_NULL_CONVERSION = YES;
				CLANG_WARN_OBJC_IMPLICIT_RETAIN_SELF = YES;
				CLANG_WARN_OBJC_LITERAL_CONVERSION = YES;
				CLANG_WARN_OBJC_ROOT_CLASS = YES_ERROR;
				CLANG_WARN_QUOTED_INCLUDE_IN_FRAMEWORK_HEADER = YES;
				CLANG_WARN_RANGE_LOOP_ANALYSIS = YES;
				CLANG_WARN_STRICT_PROTOTYPES = YES;
				CLANG_WARN_SUSPICIOUS_MOVE = YES;
				CLANG_WARN_UNGUARDED_AVAILABILITY = YES_AGGRESSIVE;
				CLANG_WARN_UNREACHABLE_CODE = YES;
				CLANG_WARN__DUPLICATE_METHOD_MATCH = YES;
				COPY_PHASE_STRIP = NO;
				CURRENT_PROJECT_VERSION = 1;
				DEBUG_INFORMATION_FORMAT = "dwarf-with-dsym";
				ENABLE_NS_ASSERTIONS = NO;
				ENABLE_STRICT_OBJC_MSGSEND = YES;
				GCC_C_LANGUAGE_STANDARD = gnu11;
				GCC_NO_COMMON_BLOCKS = YES;
				GCC_WARN_64_TO_32_BIT_CONVERSION = YES;
				GCC_WARN_ABOUT_RETURN_TYPE = YES_ERROR;
				GCC_WARN_UNDECLARED_SELECTOR = YES;
				GCC_WARN_UNINITIALIZED_AUTOS = YES_AGGRESSIVE;
				GCC_WARN_UNUSED_FUNCTION = YES;
				GCC_WARN_UNUSED_VARIABLE = YES;
				IPHONEOS_DEPLOYMENT_TARGET = 14.0;
				MACOSX_DEPLOYMENT_TARGET = 11.0;
				MTL_ENABLE_DEBUG_INFO = NO;
				MTL_FAST_MATH = YES;
				SDKROOT = iphoneos;
				SWIFT_COMPILATION_MODE = wholemodule;
				SWIFT_OPTIMIZATION_LEVEL = "-O";
				TVOS_DEPLOYMENT_TARGET = 14.0;
				VALIDATE_PRODUCT = YES;
				VERSIONING_SYSTEM = "apple-generic";
				VERSION_INFO_PREFIX = "";
				WATCHOS_DEPLOYMENT_TARGET = 7.0;
			};
			name = Release;
		};
		0B77DFDE29D964D40077FBC0 /* Debug */ = {
			isa = XCBuildConfiguration;
			buildSettings = {
				BUILD_LIBRARY_FOR_DISTRIBUTION = NO;
				CODE_SIGN_IDENTITY = "";
				CODE_SIGN_STYLE = Automatic;
				CURRENT_PROJECT_VERSION = 1;
				DEFINES_MODULE = YES;
				DEVELOPMENT_TEAM = Z3SPAA69G7;
				DYLIB_COMPATIBILITY_VERSION = 1;
				DYLIB_CURRENT_VERSION = 1;
				DYLIB_INSTALL_NAME_BASE = "@rpath";
				ENABLE_MODULE_VERIFIER = YES;
				FRAMEWORK_SEARCH_PATHS = "$(inherited)";
				GENERATE_INFOPLIST_FILE = YES;
				INFOPLIST_KEY_NSHumanReadableCopyright = "";
				INSTALL_PATH = "$(LOCAL_LIBRARY_DIR)/Frameworks";
				IPHONEOS_DEPLOYMENT_TARGET = 14.0;
				LD_RUNPATH_SEARCH_PATHS = (
					"$(inherited)",
					"@executable_path/Frameworks",
					"@loader_path/Frameworks",
				);
				MACOSX_DEPLOYMENT_TARGET = 11.0;
				MARKETING_VERSION = 2.0.0;
				MODULE_VERIFIER_SUPPORTED_LANGUAGES = "objective-c objective-c++";
				MODULE_VERIFIER_SUPPORTED_LANGUAGE_STANDARDS = "gnu11 gnu++20";
				PRODUCT_BUNDLE_IDENTIFIER = com.las.RxNetworkKit;
				PRODUCT_NAME = "$(TARGET_NAME:c99extidentifier)";
				SKIP_INSTALL = YES;
				SUPPORTED_PLATFORMS = "appletvos appletvsimulator iphoneos iphonesimulator macosx watchos watchsimulator";
				SUPPORTS_MACCATALYST = NO;
				SUPPORTS_MAC_DESIGNED_FOR_IPHONE_IPAD = NO;
				SUPPORTS_XR_DESIGNED_FOR_IPHONE_IPAD = NO;
				SWIFT_EMIT_LOC_STRINGS = YES;
				SWIFT_VERSION = 5.0;
				TARGETED_DEVICE_FAMILY = "1,2,3,4";
				TVOS_DEPLOYMENT_TARGET = 14.0;
				WATCHOS_DEPLOYMENT_TARGET = 7.0;
			};
			name = Debug;
		};
		0B77DFDF29D964D40077FBC0 /* Release */ = {
			isa = XCBuildConfiguration;
			buildSettings = {
				BUILD_LIBRARY_FOR_DISTRIBUTION = NO;
				CODE_SIGN_IDENTITY = "";
				CODE_SIGN_STYLE = Automatic;
				CURRENT_PROJECT_VERSION = 1;
				DEFINES_MODULE = YES;
				DEVELOPMENT_TEAM = Z3SPAA69G7;
				DYLIB_COMPATIBILITY_VERSION = 1;
				DYLIB_CURRENT_VERSION = 1;
				DYLIB_INSTALL_NAME_BASE = "@rpath";
				ENABLE_MODULE_VERIFIER = YES;
				FRAMEWORK_SEARCH_PATHS = "$(inherited)";
				GENERATE_INFOPLIST_FILE = YES;
				INFOPLIST_KEY_NSHumanReadableCopyright = "";
				INSTALL_PATH = "$(LOCAL_LIBRARY_DIR)/Frameworks";
				IPHONEOS_DEPLOYMENT_TARGET = 14.0;
				LD_RUNPATH_SEARCH_PATHS = (
					"$(inherited)",
					"@executable_path/Frameworks",
					"@loader_path/Frameworks",
				);
				MACOSX_DEPLOYMENT_TARGET = 11.0;
				MARKETING_VERSION = 2.0.0;
				MODULE_VERIFIER_SUPPORTED_LANGUAGES = "objective-c objective-c++";
				MODULE_VERIFIER_SUPPORTED_LANGUAGE_STANDARDS = "gnu11 gnu++20";
				PRODUCT_BUNDLE_IDENTIFIER = com.las.RxNetworkKit;
				PRODUCT_NAME = "$(TARGET_NAME:c99extidentifier)";
				SKIP_INSTALL = YES;
				SUPPORTED_PLATFORMS = "appletvos appletvsimulator iphoneos iphonesimulator macosx watchos watchsimulator";
				SUPPORTS_MACCATALYST = NO;
				SUPPORTS_MAC_DESIGNED_FOR_IPHONE_IPAD = NO;
				SUPPORTS_XR_DESIGNED_FOR_IPHONE_IPAD = NO;
				SWIFT_EMIT_LOC_STRINGS = YES;
				SWIFT_VERSION = 5.0;
				TARGETED_DEVICE_FAMILY = "1,2,3,4";
				TVOS_DEPLOYMENT_TARGET = 14.0;
				WATCHOS_DEPLOYMENT_TARGET = 7.0;
			};
			name = Release;
		};
/* End XCBuildConfiguration section */

/* Begin XCConfigurationList section */
		0B77DFD029D964D40077FBC0 /* Build configuration list for PBXProject "RxNetworkKit" */ = {
			isa = XCConfigurationList;
			buildConfigurations = (
				0B77DFDB29D964D40077FBC0 /* Debug */,
				0B77DFDC29D964D40077FBC0 /* Release */,
			);
			defaultConfigurationIsVisible = 0;
			defaultConfigurationName = Release;
		};
		0B77DFDD29D964D40077FBC0 /* Build configuration list for PBXNativeTarget "RxNetworkKit" */ = {
			isa = XCConfigurationList;
			buildConfigurations = (
				0B77DFDE29D964D40077FBC0 /* Debug */,
				0B77DFDF29D964D40077FBC0 /* Release */,
			);
			defaultConfigurationIsVisible = 0;
			defaultConfigurationName = Release;
		};
/* End XCConfigurationList section */

/* Begin XCRemoteSwiftPackageReference section */
		0B77E0B729D968DE0077FBC0 /* XCRemoteSwiftPackageReference "RxSwift" */ = {
			isa = XCRemoteSwiftPackageReference;
			repositoryURL = "https://github.com/ReactiveX/RxSwift";
			requirement = {
				kind = upToNextMajorVersion;
				minimumVersion = 6.6.0;
			};
		};
		0B77E0BE29D969370077FBC0 /* XCRemoteSwiftPackageReference "RxSwiftExt" */ = {
			isa = XCRemoteSwiftPackageReference;
			repositoryURL = "https://github.com/RxSwiftCommunity/RxSwiftExt";
			requirement = {
				kind = upToNextMajorVersion;
				minimumVersion = 6.2.0;
			};
		};
/* End XCRemoteSwiftPackageReference section */

/* Begin XCSwiftPackageProductDependency section */
		0B77E0B829D968DE0077FBC0 /* RxCocoa */ = {
			isa = XCSwiftPackageProductDependency;
			package = 0B77E0B729D968DE0077FBC0 /* XCRemoteSwiftPackageReference "RxSwift" */;
			productName = RxCocoa;
		};
		0B77E0BA29D968DE0077FBC0 /* RxRelay */ = {
			isa = XCSwiftPackageProductDependency;
			package = 0B77E0B729D968DE0077FBC0 /* XCRemoteSwiftPackageReference "RxSwift" */;
			productName = RxRelay;
		};
		0B77E0BC29D968DE0077FBC0 /* RxSwift */ = {
			isa = XCSwiftPackageProductDependency;
			package = 0B77E0B729D968DE0077FBC0 /* XCRemoteSwiftPackageReference "RxSwift" */;
			productName = RxSwift;
		};
		0B77E0BF29D969370077FBC0 /* RxSwiftExt */ = {
			isa = XCSwiftPackageProductDependency;
			package = 0B77E0BE29D969370077FBC0 /* XCRemoteSwiftPackageReference "RxSwiftExt" */;
			productName = RxSwiftExt;
		};
/* End XCSwiftPackageProductDependency section */
	};
	rootObject = 0B77DFCD29D964D40077FBC0 /* Project object */;
}
