{
  "pins" : [
    {
      "identity" : "corehttp",
      "kind" : "remoteSourceControl",
      "location" : "https://github.com/loay-ashraf/CoreHTTP",
      "state" : {
        "revision" : "bf4795eff568ca6ee23ad06e742e5fd259464f97",
        "version" : "2.0.0"
      }
    },
    {
      "identity" : "rxdatasources",
      "kind" : "remoteSourceControl",
      "location" : "https://github.com/RxSwiftCommunity/RxDataSources",
      "state" : {
        "revision" : "90c29b48b628479097fe775ed1966d75ac374518",
        "version" : "5.0.2"
      }
    },
    {
      "identity" : "rxswift",
      "kind" : "remoteSourceControl",
      "location" : "https://github.com/ReactiveX/RxSwift",
      "state" : {
        "revision" : "9dcaa4b333db437b0fbfaf453fad29069044a8b4",
        "version" : "6.6.0"
      }
    },
    {
      "identity" : "rxswiftext",
      "kind" : "remoteSourceControl",
      "location" : "https://github.com/RxSwiftCommunity/RxSwiftExt",
      "state" : {
        "revision" : "eb4adf9f00a21b3efc3869a5218a6d7517e95222",
        "version" : "6.2.1"
      }
    }
  ],
  "version" : 2
}
