// !$*UTF8*$!
{
	archiveVersion = 1;
	classes = {
	};
	objectVersion = 56;
	objects = {

/* Begin PBXBuildFile section */
		0B489F8929CB06BA0098F6D4 /* Reactive+URLSessionResponse.swift in Sources */ = {isa = PBXBuildFile; fileRef = 0B489F8829CB06BA0098F6D4 /* Reactive+URLSessionResponse.swift */; };
		0B489F8B29CB07200098F6D4 /* Reactive+URLSessionAdaptedResponse.swift in Sources */ = {isa = PBXBuildFile; fileRef = 0B489F8A29CB07200098F6D4 /* Reactive+URLSessionAdaptedResponse.swift */; };
		0B489F8E29CB077C0098F6D4 /* UploadEvent.swift in Sources */ = {isa = PBXBuildFile; fileRef = 0B489F8D29CB077C0098F6D4 /* UploadEvent.swift */; };
		0B96064E29CD49CC00D66439 /* UploadModel.swift in Sources */ = {isa = PBXBuildFile; fileRef = 0B96064D29CD49CC00D66439 /* UploadModel.swift */; };
		0B96065029CD4A1100D66439 /* FormUploadModel.swift in Sources */ = {isa = PBXBuildFile; fileRef = 0B96064F29CD4A1100D66439 /* FormUploadModel.swift */; };
		0B96065229CD51B700D66439 /* URLSession+UploadTask.swift in Sources */ = {isa = PBXBuildFile; fileRef = 0B96065129CD51B700D66439 /* URLSession+UploadTask.swift */; };
		0B96065429CD51FF00D66439 /* Data+AppendString.swift in Sources */ = {isa = PBXBuildFile; fileRef = 0B96065329CD51FF00D66439 /* Data+AppendString.swift */; };
		0B96065729CD524700D66439 /* FormData.swift in Sources */ = {isa = PBXBuildFile; fileRef = 0B96065629CD524700D66439 /* FormData.swift */; };
		0B96065929CD525900D66439 /* File.swift in Sources */ = {isa = PBXBuildFile; fileRef = 0B96065829CD525900D66439 /* File.swift */; };
		0B96065B29CD597900D66439 /* UploadRouter.swift in Sources */ = {isa = PBXBuildFile; fileRef = 0B96065A29CD597900D66439 /* UploadRouter.swift */; };
		0B96065D29CD6B9000D66439 /* TestUploadRouter.swift in Sources */ = {isa = PBXBuildFile; fileRef = 0B96065C29CD6B9000D66439 /* TestUploadRouter.swift */; };
		0BA1A7D929C8ED6400DFFB83 /* HTTPScheme.swift in Sources */ = {isa = PBXBuildFile; fileRef = 0BA1A7D829C8ED6400DFFB83 /* HTTPScheme.swift */; };
		0BA1A7DB29C8ED7700DFFB83 /* HTTPMethod.swift in Sources */ = {isa = PBXBuildFile; fileRef = 0BA1A7DA29C8ED7700DFFB83 /* HTTPMethod.swift */; };
		0BA1A7DE29C8EF0600DFFB83 /* Router.swift in Sources */ = {isa = PBXBuildFile; fileRef = 0BA1A7DD29C8EF0600DFFB83 /* Router.swift */; };
		0BA1A7E329C8F09000DFFB83 /* TestRouter.swift in Sources */ = {isa = PBXBuildFile; fileRef = 0BA1A7E229C8F09000DFFB83 /* TestRouter.swift */; };
		0BA1A7E529C8F0A400DFFB83 /* Model.swift in Sources */ = {isa = PBXBuildFile; fileRef = 0BA1A7E429C8F0A400DFFB83 /* Model.swift */; };
		0BA1A7EE29C8F28700DFFB83 /* NetworkAPIError.swift in Sources */ = {isa = PBXBuildFile; fileRef = 0BA1A7ED29C8F28700DFFB83 /* NetworkAPIError.swift */; };
		C617EA34299E82710050579A /* AppDelegate.swift in Sources */ = {isa = PBXBuildFile; fileRef = C617EA33299E82710050579A /* AppDelegate.swift */; };
		C617EA36299E82710050579A /* SceneDelegate.swift in Sources */ = {isa = PBXBuildFile; fileRef = C617EA35299E82710050579A /* SceneDelegate.swift */; };
		C617EA38299E82710050579A /* ViewController.swift in Sources */ = {isa = PBXBuildFile; fileRef = C617EA37299E82710050579A /* ViewController.swift */; };
		C617EA3B299E82710050579A /* Main.storyboard in Resources */ = {isa = PBXBuildFile; fileRef = C617EA39299E82710050579A /* Main.storyboard */; };
		C617EA3D299E82730050579A /* Assets.xcassets in Resources */ = {isa = PBXBuildFile; fileRef = C617EA3C299E82730050579A /* Assets.xcassets */; };
		C617EA40299E82730050579A /* LaunchScreen.storyboard in Resources */ = {isa = PBXBuildFile; fileRef = C617EA3E299E82730050579A /* LaunchScreen.storyboard */; };
		C617EA48299E82DE0050579A /* NetworkManager.swift in Sources */ = {isa = PBXBuildFile; fileRef = C617EA47299E82DE0050579A /* NetworkManager.swift */; };
		C617EA51299E869D0050579A /* HTTPStatusCode.swift in Sources */ = {isa = PBXBuildFile; fileRef = C617EA50299E869D0050579A /* HTTPStatusCode.swift */; };
		C6ECE67029A1D78A0030FBC0 /* PrimitiveSequence+NetworkOps.swift in Sources */ = {isa = PBXBuildFile; fileRef = C6ECE66F29A1D78A0030FBC0 /* PrimitiveSequence+NetworkOps.swift */; };
		C6ECE67229A1D7D60030FBC0 /* Observable+NetworkOps.swift in Sources */ = {isa = PBXBuildFile; fileRef = C6ECE67129A1D7D60030FBC0 /* Observable+NetworkOps.swift */; };
		C6ECE67429A1D8140030FBC0 /* NetworkError.swift in Sources */ = {isa = PBXBuildFile; fileRef = C6ECE67329A1D8140030FBC0 /* NetworkError.swift */; };
		C6ECE67629A1D8380030FBC0 /* NetworkClientError.swift in Sources */ = {isa = PBXBuildFile; fileRef = C6ECE67529A1D8380030FBC0 /* NetworkClientError.swift */; };
		C6ECE67829A1D8570030FBC0 /* NetworkServerError.swift in Sources */ = {isa = PBXBuildFile; fileRef = C6ECE67729A1D8570030FBC0 /* NetworkServerError.swift */; };
		C6ECE67A29A1D86B0030FBC0 /* DefaultNetworkAPIError.swift in Sources */ = {isa = PBXBuildFile; fileRef = C6ECE67929A1D86B0030FBC0 /* DefaultNetworkAPIError.swift */; };
		C6FC8DB229A0D41D00F6BAF9 /* RxSwiftExt in Frameworks */ = {isa = PBXBuildFile; productRef = C6FC8DB129A0D41D00F6BAF9 /* RxSwiftExt */; };
		C6FC8DB529A0D4C900F6BAF9 /* RxCocoa in Frameworks */ = {isa = PBXBuildFile; productRef = C6FC8DB429A0D4C900F6BAF9 /* RxCocoa */; };
		C6FC8DB729A0D4C900F6BAF9 /* RxRelay in Frameworks */ = {isa = PBXBuildFile; productRef = C6FC8DB629A0D4C900F6BAF9 /* RxRelay */; };
		C6FC8DB929A0D4C900F6BAF9 /* RxSwift in Frameworks */ = {isa = PBXBuildFile; productRef = C6FC8DB829A0D4C900F6BAF9 /* RxSwift */; };
/* End PBXBuildFile section */

/* Begin PBXFileReference section */
		0B489F8829CB06BA0098F6D4 /* Reactive+URLSessionResponse.swift */ = {isa = PBXFileReference; lastKnownFileType = sourcecode.swift; path = "Reactive+URLSessionResponse.swift"; sourceTree = "<group>"; };
		0B489F8A29CB07200098F6D4 /* Reactive+URLSessionAdaptedResponse.swift */ = {isa = PBXFileReference; lastKnownFileType = sourcecode.swift; path = "Reactive+URLSessionAdaptedResponse.swift"; sourceTree = "<group>"; };
		0B489F8D29CB077C0098F6D4 /* UploadEvent.swift */ = {isa = PBXFileReference; lastKnownFileType = sourcecode.swift; path = UploadEvent.swift; sourceTree = "<group>"; };
		0B96064D29CD49CC00D66439 /* UploadModel.swift */ = {isa = PBXFileReference; lastKnownFileType = sourcecode.swift; path = UploadModel.swift; sourceTree = "<group>"; };
		0B96064F29CD4A1100D66439 /* FormUploadModel.swift */ = {isa = PBXFileReference; lastKnownFileType = sourcecode.swift; path = FormUploadModel.swift; sourceTree = "<group>"; };
		0B96065129CD51B700D66439 /* URLSession+UploadTask.swift */ = {isa = PBXFileReference; lastKnownFileType = sourcecode.swift; path = "URLSession+UploadTask.swift"; sourceTree = "<group>"; };
		0B96065329CD51FF00D66439 /* Data+AppendString.swift */ = {isa = PBXFileReference; lastKnownFileType = sourcecode.swift; path = "Data+AppendString.swift"; sourceTree = "<group>"; };
		0B96065629CD524700D66439 /* FormData.swift */ = {isa = PBXFileReference; lastKnownFileType = sourcecode.swift; path = FormData.swift; sourceTree = "<group>"; };
		0B96065829CD525900D66439 /* File.swift */ = {isa = PBXFileReference; lastKnownFileType = sourcecode.swift; path = File.swift; sourceTree = "<group>"; };
		0B96065A29CD597900D66439 /* UploadRouter.swift */ = {isa = PBXFileReference; lastKnownFileType = sourcecode.swift; path = UploadRouter.swift; sourceTree = "<group>"; };
		0B96065C29CD6B9000D66439 /* TestUploadRouter.swift */ = {isa = PBXFileReference; lastKnownFileType = sourcecode.swift; path = TestUploadRouter.swift; sourceTree = "<group>"; };
		0BA1A7D829C8ED6400DFFB83 /* HTTPScheme.swift */ = {isa = PBXFileReference; lastKnownFileType = sourcecode.swift; path = HTTPScheme.swift; sourceTree = "<group>"; };
		0BA1A7DA29C8ED7700DFFB83 /* HTTPMethod.swift */ = {isa = PBXFileReference; lastKnownFileType = sourcecode.swift; path = HTTPMethod.swift; sourceTree = "<group>"; };
		0BA1A7DD29C8EF0600DFFB83 /* Router.swift */ = {isa = PBXFileReference; lastKnownFileType = sourcecode.swift; path = Router.swift; sourceTree = "<group>"; };
		0BA1A7E229C8F09000DFFB83 /* TestRouter.swift */ = {isa = PBXFileReference; lastKnownFileType = sourcecode.swift; path = TestRouter.swift; sourceTree = "<group>"; };
		0BA1A7E429C8F0A400DFFB83 /* Model.swift */ = {isa = PBXFileReference; lastKnownFileType = sourcecode.swift; path = Model.swift; sourceTree = "<group>"; };
		0BA1A7ED29C8F28700DFFB83 /* NetworkAPIError.swift */ = {isa = PBXFileReference; lastKnownFileType = sourcecode.swift; path = NetworkAPIError.swift; sourceTree = "<group>"; };
		C617EA30299E82710050579A /* RxNetworking.app */ = {isa = PBXFileReference; explicitFileType = wrapper.application; includeInIndex = 0; path = RxNetworking.app; sourceTree = BUILT_PRODUCTS_DIR; };
		C617EA33299E82710050579A /* AppDelegate.swift */ = {isa = PBXFileReference; lastKnownFileType = sourcecode.swift; path = AppDelegate.swift; sourceTree = "<group>"; };
		C617EA35299E82710050579A /* SceneDelegate.swift */ = {isa = PBXFileReference; lastKnownFileType = sourcecode.swift; path = SceneDelegate.swift; sourceTree = "<group>"; };
		C617EA37299E82710050579A /* ViewController.swift */ = {isa = PBXFileReference; lastKnownFileType = sourcecode.swift; path = ViewController.swift; sourceTree = "<group>"; };
		C617EA3A299E82710050579A /* Base */ = {isa = PBXFileReference; lastKnownFileType = file.storyboard; name = Base; path = Base.lproj/Main.storyboard; sourceTree = "<group>"; };
		C617EA3C299E82730050579A /* Assets.xcassets */ = {isa = PBXFileReference; lastKnownFileType = folder.assetcatalog; path = Assets.xcassets; sourceTree = "<group>"; };
		C617EA3F299E82730050579A /* Base */ = {isa = PBXFileReference; lastKnownFileType = file.storyboard; name = Base; path = Base.lproj/LaunchScreen.storyboard; sourceTree = "<group>"; };
		C617EA41299E82730050579A /* Info.plist */ = {isa = PBXFileReference; lastKnownFileType = text.plist.xml; path = Info.plist; sourceTree = "<group>"; };
		C617EA47299E82DE0050579A /* NetworkManager.swift */ = {isa = PBXFileReference; lastKnownFileType = sourcecode.swift; path = NetworkManager.swift; sourceTree = "<group>"; };
		C617EA50299E869D0050579A /* HTTPStatusCode.swift */ = {isa = PBXFileReference; lastKnownFileType = sourcecode.swift; path = HTTPStatusCode.swift; sourceTree = "<group>"; };
		C6ECE66F29A1D78A0030FBC0 /* PrimitiveSequence+NetworkOps.swift */ = {isa = PBXFileReference; lastKnownFileType = sourcecode.swift; path = "PrimitiveSequence+NetworkOps.swift"; sourceTree = "<group>"; };
		C6ECE67129A1D7D60030FBC0 /* Observable+NetworkOps.swift */ = {isa = PBXFileReference; lastKnownFileType = sourcecode.swift; path = "Observable+NetworkOps.swift"; sourceTree = "<group>"; };
		C6ECE67329A1D8140030FBC0 /* NetworkError.swift */ = {isa = PBXFileReference; lastKnownFileType = sourcecode.swift; path = NetworkError.swift; sourceTree = "<group>"; };
		C6ECE67529A1D8380030FBC0 /* NetworkClientError.swift */ = {isa = PBXFileReference; lastKnownFileType = sourcecode.swift; path = NetworkClientError.swift; sourceTree = "<group>"; };
		C6ECE67729A1D8570030FBC0 /* NetworkServerError.swift */ = {isa = PBXFileReference; lastKnownFileType = sourcecode.swift; path = NetworkServerError.swift; sourceTree = "<group>"; };
		C6ECE67929A1D86B0030FBC0 /* DefaultNetworkAPIError.swift */ = {isa = PBXFileReference; lastKnownFileType = sourcecode.swift; path = DefaultNetworkAPIError.swift; sourceTree = "<group>"; };
/* End PBXFileReference section */

/* Begin PBXFrameworksBuildPhase section */
		C617EA2D299E82700050579A /* Frameworks */ = {
			isa = PBXFrameworksBuildPhase;
			buildActionMask = 2147483647;
			files = (
				C6FC8DB729A0D4C900F6BAF9 /* RxRelay in Frameworks */,
				C6FC8DB529A0D4C900F6BAF9 /* RxCocoa in Frameworks */,
				C6FC8DB929A0D4C900F6BAF9 /* RxSwift in Frameworks */,
				C6FC8DB229A0D41D00F6BAF9 /* RxSwiftExt in Frameworks */,
			);
			runOnlyForDeploymentPostprocessing = 0;
		};
/* End PBXFrameworksBuildPhase section */

/* Begin PBXGroup section */
		0B96065529CD523700D66439 /* Upload */ = {
			isa = PBXGroup;
			children = (
				0B489F8D29CB077C0098F6D4 /* UploadEvent.swift */,
				0B96065629CD524700D66439 /* FormData.swift */,
				0B96065829CD525900D66439 /* File.swift */,
			);
			path = Upload;
			sourceTree = "<group>";
		};
		0BA1A7DC29C8EDCC00DFFB83 /* HTTP */ = {
			isa = PBXGroup;
			children = (
				C617EA50299E869D0050579A /* HTTPStatusCode.swift */,
				0BA1A7D829C8ED6400DFFB83 /* HTTPScheme.swift */,
				0BA1A7DA29C8ED7700DFFB83 /* HTTPMethod.swift */,
			);
			path = HTTP;
			sourceTree = "<group>";
		};
		0BA1A7DF29C8F01500DFFB83 /* Test Module */ = {
			isa = PBXGroup;
			children = (
				0BA1A7F029C8F2E200DFFB83 /* Controller */,
				0BA1A7EF29C8F2D200DFFB83 /* View */,
				0BA1A7E029C8F07900DFFB83 /* Model */,
				0BA1A7E129C8F07F00DFFB83 /* Network */,
			);
			path = "Test Module";
			sourceTree = "<group>";
		};
		0BA1A7E029C8F07900DFFB83 /* Model */ = {
			isa = PBXGroup;
			children = (
				0BA1A7E429C8F0A400DFFB83 /* Model.swift */,
				0B96064D29CD49CC00D66439 /* UploadModel.swift */,
				0B96064F29CD4A1100D66439 /* FormUploadModel.swift */,
			);
			path = Model;
			sourceTree = "<group>";
		};
		0BA1A7E129C8F07F00DFFB83 /* Network */ = {
			isa = PBXGroup;
			children = (
				0BA1A7E229C8F09000DFFB83 /* TestRouter.swift */,
				0B96065C29CD6B9000D66439 /* TestUploadRouter.swift */,
			);
			path = Network;
			sourceTree = "<group>";
		};
		0BA1A7E629C8F1B300DFFB83 /* Network Layer */ = {
			isa = PBXGroup;
			children = (
				0BA1A7EB29C8F25D00DFFB83 /* Type */,
				0BA1A7EA29C8F25200DFFB83 /* Protocol */,
				0BA1A7E929C8F20900DFFB83 /* Extension */,
			);
			path = "Network Layer";
			sourceTree = "<group>";
		};
		0BA1A7E729C8F1BB00DFFB83 /* Manager */ = {
			isa = PBXGroup;
			children = (
				C617EA47299E82DE0050579A /* NetworkManager.swift */,
			);
			path = Manager;
			sourceTree = "<group>";
		};
		0BA1A7E829C8F1EB00DFFB83 /* Router */ = {
			isa = PBXGroup;
			children = (
				0BA1A7DD29C8EF0600DFFB83 /* Router.swift */,
				0B96065A29CD597900D66439 /* UploadRouter.swift */,
			);
			path = Router;
			sourceTree = "<group>";
		};
		0BA1A7E929C8F20900DFFB83 /* Extension */ = {
			isa = PBXGroup;
			children = (
				C6ECE66F29A1D78A0030FBC0 /* PrimitiveSequence+NetworkOps.swift */,
				C6ECE67129A1D7D60030FBC0 /* Observable+NetworkOps.swift */,
				0B489F8829CB06BA0098F6D4 /* Reactive+URLSessionResponse.swift */,
				0B489F8A29CB07200098F6D4 /* Reactive+URLSessionAdaptedResponse.swift */,
				0B96065129CD51B700D66439 /* URLSession+UploadTask.swift */,
				0B96065329CD51FF00D66439 /* Data+AppendString.swift */,
			);
			path = Extension;
			sourceTree = "<group>";
		};
		0BA1A7EA29C8F25200DFFB83 /* Protocol */ = {
			isa = PBXGroup;
			children = (
				0BA1A7EC29C8F27A00DFFB83 /* Error */,
				0BA1A7E829C8F1EB00DFFB83 /* Router */,
			);
			path = Protocol;
			sourceTree = "<group>";
		};
		0BA1A7EB29C8F25D00DFFB83 /* Type */ = {
			isa = PBXGroup;
			children = (
				0B96065529CD523700D66439 /* Upload */,
				C6ECE67B29A1D8890030FBC0 /* Error */,
				0BA1A7DC29C8EDCC00DFFB83 /* HTTP */,
				0BA1A7E729C8F1BB00DFFB83 /* Manager */,
			);
			path = Type;
			sourceTree = "<group>";
		};
		0BA1A7EC29C8F27A00DFFB83 /* Error */ = {
			isa = PBXGroup;
			children = (
				0BA1A7ED29C8F28700DFFB83 /* NetworkAPIError.swift */,
			);
			path = Error;
			sourceTree = "<group>";
		};
		0BA1A7EF29C8F2D200DFFB83 /* View */ = {
			isa = PBXGroup;
			children = (
				C617EA39299E82710050579A /* Main.storyboard */,
			);
			path = View;
			sourceTree = "<group>";
		};
		0BA1A7F029C8F2E200DFFB83 /* Controller */ = {
			isa = PBXGroup;
			children = (
				C617EA37299E82710050579A /* ViewController.swift */,
			);
			path = Controller;
			sourceTree = "<group>";
		};
		0BA1A7F129C8F42B00DFFB83 /* Modules */ = {
			isa = PBXGroup;
			children = (
				0BA1A7DF29C8F01500DFFB83 /* Test Module */,
			);
			path = Modules;
			sourceTree = "<group>";
		};
		C617EA27299E82700050579A = {
			isa = PBXGroup;
			children = (
				C617EA32299E82710050579A /* RxNetworking */,
				C617EA31299E82710050579A /* Products */,
			);
			sourceTree = "<group>";
		};
		C617EA31299E82710050579A /* Products */ = {
			isa = PBXGroup;
			children = (
				C617EA30299E82710050579A /* RxNetworking.app */,
			);
			name = Products;
			sourceTree = "<group>";
		};
		C617EA32299E82710050579A /* RxNetworking */ = {
			isa = PBXGroup;
			children = (
				0BA1A7F129C8F42B00DFFB83 /* Modules */,
				0BA1A7E629C8F1B300DFFB83 /* Network Layer */,
				C617EA33299E82710050579A /* AppDelegate.swift */,
				C617EA35299E82710050579A /* SceneDelegate.swift */,
				C617EA3C299E82730050579A /* Assets.xcassets */,
				C617EA3E299E82730050579A /* LaunchScreen.storyboard */,
				C617EA41299E82730050579A /* Info.plist */,
			);
			path = RxNetworking;
			sourceTree = "<group>";
		};
		C6ECE67B29A1D8890030FBC0 /* Error */ = {
			isa = PBXGroup;
			children = (
				C6ECE67329A1D8140030FBC0 /* NetworkError.swift */,
				C6ECE67929A1D86B0030FBC0 /* DefaultNetworkAPIError.swift */,
				C6ECE67529A1D8380030FBC0 /* NetworkClientError.swift */,
				C6ECE67729A1D8570030FBC0 /* NetworkServerError.swift */,
			);
			path = Error;
			sourceTree = "<group>";
		};
/* End PBXGroup section */

/* Begin PBXNativeTarget section */
		C617EA2F299E82700050579A /* RxNetworking */ = {
			isa = PBXNativeTarget;
			buildConfigurationList = C617EA44299E82730050579A /* Build configuration list for PBXNativeTarget "RxNetworking" */;
			buildPhases = (
				C617EA2C299E82700050579A /* Sources */,
				C617EA2D299E82700050579A /* Frameworks */,
				C617EA2E299E82700050579A /* Resources */,
			);
			buildRules = (
			);
			dependencies = (
			);
			name = RxNetworking;
			packageProductDependencies = (
				C6FC8DB129A0D41D00F6BAF9 /* RxSwiftExt */,
				C6FC8DB429A0D4C900F6BAF9 /* RxCocoa */,
				C6FC8DB629A0D4C900F6BAF9 /* RxRelay */,
				C6FC8DB829A0D4C900F6BAF9 /* RxSwift */,
			);
			productName = RXNetworking;
			productReference = C617EA30299E82710050579A /* RxNetworking.app */;
			productType = "com.apple.product-type.application";
		};
/* End PBXNativeTarget section */

/* Begin PBXProject section */
		C617EA28299E82700050579A /* Project object */ = {
			isa = PBXProject;
			attributes = {
				BuildIndependentTargetsInParallel = 1;
				LastSwiftUpdateCheck = 1420;
				LastUpgradeCheck = 1420;
				TargetAttributes = {
					C617EA2F299E82700050579A = {
						CreatedOnToolsVersion = 14.2;
					};
				};
			};
			buildConfigurationList = C617EA2B299E82700050579A /* Build configuration list for PBXProject "RxNetworking" */;
			compatibilityVersion = "Xcode 14.0";
			developmentRegion = en;
			hasScannedForEncodings = 0;
			knownRegions = (
				en,
				Base,
			);
			mainGroup = C617EA27299E82700050579A;
			packageReferences = (
				C6FC8DB029A0D41D00F6BAF9 /* XCRemoteSwiftPackageReference "RxSwiftExt" */,
				C6FC8DB329A0D4C900F6BAF9 /* XCRemoteSwiftPackageReference "RxSwift" */,
			);
			productRefGroup = C617EA31299E82710050579A /* Products */;
			projectDirPath = "";
			projectRoot = "";
			targets = (
				C617EA2F299E82700050579A /* RxNetworking */,
			);
		};
/* End PBXProject section */

/* Begin PBXResourcesBuildPhase section */
		C617EA2E299E82700050579A /* Resources */ = {
			isa = PBXResourcesBuildPhase;
			buildActionMask = 2147483647;
			files = (
				C617EA40299E82730050579A /* LaunchScreen.storyboard in Resources */,
				C617EA3D299E82730050579A /* Assets.xcassets in Resources */,
				C617EA3B299E82710050579A /* Main.storyboard in Resources */,
			);
			runOnlyForDeploymentPostprocessing = 0;
		};
/* End PBXResourcesBuildPhase section */

/* Begin PBXSourcesBuildPhase section */
		C617EA2C299E82700050579A /* Sources */ = {
			isa = PBXSourcesBuildPhase;
			buildActionMask = 2147483647;
			files = (
				C617EA51299E869D0050579A /* HTTPStatusCode.swift in Sources */,
				C6ECE67429A1D8140030FBC0 /* NetworkError.swift in Sources */,
				0B96064E29CD49CC00D66439 /* UploadModel.swift in Sources */,
				C617EA48299E82DE0050579A /* NetworkManager.swift in Sources */,
				C6ECE67029A1D78A0030FBC0 /* PrimitiveSequence+NetworkOps.swift in Sources */,
				0B96065229CD51B700D66439 /* URLSession+UploadTask.swift in Sources */,
				C6ECE67629A1D8380030FBC0 /* NetworkClientError.swift in Sources */,
				0B96065D29CD6B9000D66439 /* TestUploadRouter.swift in Sources */,
				0B96065029CD4A1100D66439 /* FormUploadModel.swift in Sources */,
				C6ECE67229A1D7D60030FBC0 /* Observable+NetworkOps.swift in Sources */,
				0B489F8B29CB07200098F6D4 /* Reactive+URLSessionAdaptedResponse.swift in Sources */,
				0B96065B29CD597900D66439 /* UploadRouter.swift in Sources */,
				0B489F8E29CB077C0098F6D4 /* UploadEvent.swift in Sources */,
				C617EA38299E82710050579A /* ViewController.swift in Sources */,
				C617EA34299E82710050579A /* AppDelegate.swift in Sources */,
				0B489F8929CB06BA0098F6D4 /* Reactive+URLSessionResponse.swift in Sources */,
				0B96065429CD51FF00D66439 /* Data+AppendString.swift in Sources */,
				0BA1A7D929C8ED6400DFFB83 /* HTTPScheme.swift in Sources */,
				C6ECE67829A1D8570030FBC0 /* NetworkServerError.swift in Sources */,
				0BA1A7DE29C8EF0600DFFB83 /* Router.swift in Sources */,
				0B96065729CD524700D66439 /* FormData.swift in Sources */,
				0BA1A7E529C8F0A400DFFB83 /* Model.swift in Sources */,
				0BA1A7E329C8F09000DFFB83 /* TestRouter.swift in Sources */,
				0BA1A7EE29C8F28700DFFB83 /* NetworkAPIError.swift in Sources */,
				0BA1A7DB29C8ED7700DFFB83 /* HTTPMethod.swift in Sources */,
				0B96065929CD525900D66439 /* File.swift in Sources */,
				C617EA36299E82710050579A /* SceneDelegate.swift in Sources */,
				C6ECE67A29A1D86B0030FBC0 /* DefaultNetworkAPIError.swift in Sources */,
			);
			runOnlyForDeploymentPostprocessing = 0;
		};
/* End PBXSourcesBuildPhase section */

/* Begin PBXVariantGroup section */
		C617EA39299E82710050579A /* Main.storyboard */ = {
			isa = PBXVariantGroup;
			children = (
				C617EA3A299E82710050579A /* Base */,
			);
			name = Main.storyboard;
			sourceTree = "<group>";
		};
		C617EA3E299E82730050579A /* LaunchScreen.storyboard */ = {
			isa = PBXVariantGroup;
			children = (
				C617EA3F299E82730050579A /* Base */,
			);
			name = LaunchScreen.storyboard;
			sourceTree = "<group>";
		};
/* End PBXVariantGroup section */

/* Begin XCBuildConfiguration section */
		C617EA42299E82730050579A /* Debug */ = {
			isa = XCBuildConfiguration;
			buildSettings = {
				ALWAYS_SEARCH_USER_PATHS = NO;
				CLANG_ANALYZER_NONNULL = YES;
				CLANG_ANALYZER_NUMBER_OBJECT_CONVERSION = YES_AGGRESSIVE;
				CLANG_CXX_LANGUAGE_STANDARD = "gnu++20";
				CLANG_ENABLE_MODULES = YES;
				CLANG_ENABLE_OBJC_ARC = YES;
				CLANG_ENABLE_OBJC_WEAK = YES;
				CLANG_WARN_BLOCK_CAPTURE_AUTORELEASING = YES;
				CLANG_WARN_BOOL_CONVERSION = YES;
				CLANG_WARN_COMMA = YES;
				CLANG_WARN_CONSTANT_CONVERSION = YES;
				CLANG_WARN_DEPRECATED_OBJC_IMPLEMENTATIONS = YES;
				CLANG_WARN_DIRECT_OBJC_ISA_USAGE = YES_ERROR;
				CLANG_WARN_DOCUMENTATION_COMMENTS = YES;
				CLANG_WARN_EMPTY_BODY = YES;
				CLANG_WARN_ENUM_CONVERSION = YES;
				CLANG_WARN_INFINITE_RECURSION = YES;
				CLANG_WARN_INT_CONVERSION = YES;
				CLANG_WARN_NON_LITERAL_NULL_CONVERSION = YES;
				CLANG_WARN_OBJC_IMPLICIT_RETAIN_SELF = YES;
				CLANG_WARN_OBJC_LITERAL_CONVERSION = YES;
				CLANG_WARN_OBJC_ROOT_CLASS = YES_ERROR;
				CLANG_WARN_QUOTED_INCLUDE_IN_FRAMEWORK_HEADER = YES;
				CLANG_WARN_RANGE_LOOP_ANALYSIS = YES;
				CLANG_WARN_STRICT_PROTOTYPES = YES;
				CLANG_WARN_SUSPICIOUS_MOVE = YES;
				CLANG_WARN_UNGUARDED_AVAILABILITY = YES_AGGRESSIVE;
				CLANG_WARN_UNREACHABLE_CODE = YES;
				CLANG_WARN__DUPLICATE_METHOD_MATCH = YES;
				COPY_PHASE_STRIP = NO;
				DEBUG_INFORMATION_FORMAT = dwarf;
				ENABLE_STRICT_OBJC_MSGSEND = YES;
				ENABLE_TESTABILITY = YES;
				GCC_C_LANGUAGE_STANDARD = gnu11;
				GCC_DYNAMIC_NO_PIC = NO;
				GCC_NO_COMMON_BLOCKS = YES;
				GCC_OPTIMIZATION_LEVEL = 0;
				GCC_PREPROCESSOR_DEFINITIONS = (
					"DEBUG=1",
					"$(inherited)",
				);
				GCC_WARN_64_TO_32_BIT_CONVERSION = YES;
				GCC_WARN_ABOUT_RETURN_TYPE = YES_ERROR;
				GCC_WARN_UNDECLARED_SELECTOR = YES;
				GCC_WARN_UNINITIALIZED_AUTOS = YES_AGGRESSIVE;
				GCC_WARN_UNUSED_FUNCTION = YES;
				GCC_WARN_UNUSED_VARIABLE = YES;
				IPHONEOS_DEPLOYMENT_TARGET = 16.2;
				MTL_ENABLE_DEBUG_INFO = INCLUDE_SOURCE;
				MTL_FAST_MATH = YES;
				ONLY_ACTIVE_ARCH = YES;
				SDKROOT = iphoneos;
				SWIFT_ACTIVE_COMPILATION_CONDITIONS = DEBUG;
				SWIFT_OPTIMIZATION_LEVEL = "-Onone";
			};
			name = Debug;
		};
		C617EA43299E82730050579A /* Release */ = {
			isa = XCBuildConfiguration;
			buildSettings = {
				ALWAYS_SEARCH_USER_PATHS = NO;
				CLANG_ANALYZER_NONNULL = YES;
				CLANG_ANALYZER_NUMBER_OBJECT_CONVERSION = YES_AGGRESSIVE;
				CLANG_CXX_LANGUAGE_STANDARD = "gnu++20";
				CLANG_ENABLE_MODULES = YES;
				CLANG_ENABLE_OBJC_ARC = YES;
				CLANG_ENABLE_OBJC_WEAK = YES;
				CLANG_WARN_BLOCK_CAPTURE_AUTORELEASING = YES;
				CLANG_WARN_BOOL_CONVERSION = YES;
				CLANG_WARN_COMMA = YES;
				CLANG_WARN_CONSTANT_CONVERSION = YES;
				CLANG_WARN_DEPRECATED_OBJC_IMPLEMENTATIONS = YES;
				CLANG_WARN_DIRECT_OBJC_ISA_USAGE = YES_ERROR;
				CLANG_WARN_DOCUMENTATION_COMMENTS = YES;
				CLANG_WARN_EMPTY_BODY = YES;
				CLANG_WARN_ENUM_CONVERSION = YES;
				CLANG_WARN_INFINITE_RECURSION = YES;
				CLANG_WARN_INT_CONVERSION = YES;
				CLANG_WARN_NON_LITERAL_NULL_CONVERSION = YES;
				CLANG_WARN_OBJC_IMPLICIT_RETAIN_SELF = YES;
				CLANG_WARN_OBJC_LITERAL_CONVERSION = YES;
				CLANG_WARN_OBJC_ROOT_CLASS = YES_ERROR;
				CLANG_WARN_QUOTED_INCLUDE_IN_FRAMEWORK_HEADER = YES;
				CLANG_WARN_RANGE_LOOP_ANALYSIS = YES;
				CLANG_WARN_STRICT_PROTOTYPES = YES;
				CLANG_WARN_SUSPICIOUS_MOVE = YES;
				CLANG_WARN_UNGUARDED_AVAILABILITY = YES_AGGRESSIVE;
				CLANG_WARN_UNREACHABLE_CODE = YES;
				CLANG_WARN__DUPLICATE_METHOD_MATCH = YES;
				COPY_PHASE_STRIP = NO;
				DEBUG_INFORMATION_FORMAT = "dwarf-with-dsym";
				ENABLE_NS_ASSERTIONS = NO;
				ENABLE_STRICT_OBJC_MSGSEND = YES;
				GCC_C_LANGUAGE_STANDARD = gnu11;
				GCC_NO_COMMON_BLOCKS = YES;
				GCC_WARN_64_TO_32_BIT_CONVERSION = YES;
				GCC_WARN_ABOUT_RETURN_TYPE = YES_ERROR;
				GCC_WARN_UNDECLARED_SELECTOR = YES;
				GCC_WARN_UNINITIALIZED_AUTOS = YES_AGGRESSIVE;
				GCC_WARN_UNUSED_FUNCTION = YES;
				GCC_WARN_UNUSED_VARIABLE = YES;
				IPHONEOS_DEPLOYMENT_TARGET = 16.2;
				MTL_ENABLE_DEBUG_INFO = NO;
				MTL_FAST_MATH = YES;
				SDKROOT = iphoneos;
				SWIFT_COMPILATION_MODE = wholemodule;
				SWIFT_OPTIMIZATION_LEVEL = "-O";
				VALIDATE_PRODUCT = YES;
			};
			name = Release;
		};
		C617EA45299E82730050579A /* Debug */ = {
			isa = XCBuildConfiguration;
			buildSettings = {
				ASSETCATALOG_COMPILER_APPICON_NAME = AppIcon;
				ASSETCATALOG_COMPILER_GLOBAL_ACCENT_COLOR_NAME = AccentColor;
				CODE_SIGN_STYLE = Automatic;
				CURRENT_PROJECT_VERSION = 1;
				DEVELOPMENT_TEAM = Z3SPAA69G7;
				GENERATE_INFOPLIST_FILE = YES;
				INFOPLIST_FILE = RXNetworking/Info.plist;
				INFOPLIST_KEY_UIApplicationSupportsIndirectInputEvents = YES;
				INFOPLIST_KEY_UILaunchStoryboardName = LaunchScreen;
				INFOPLIST_KEY_UIMainStoryboardFile = Main;
				INFOPLIST_KEY_UISupportedInterfaceOrientations_iPad = "UIInterfaceOrientationPortrait UIInterfaceOrientationPortraitUpsideDown UIInterfaceOrientationLandscapeLeft UIInterfaceOrientationLandscapeRight";
				INFOPLIST_KEY_UISupportedInterfaceOrientations_iPhone = "UIInterfaceOrientationPortrait UIInterfaceOrientationLandscapeLeft UIInterfaceOrientationLandscapeRight";
				LD_RUNPATH_SEARCH_PATHS = (
					"$(inherited)",
					"@executable_path/Frameworks",
				);
				MARKETING_VERSION = 1.0;
				PRODUCT_BUNDLE_IDENTIFIER = com.loay.RXNetworking;
				PRODUCT_NAME = "$(TARGET_NAME)";
				SWIFT_EMIT_LOC_STRINGS = YES;
				SWIFT_VERSION = 5.0;
				TARGETED_DEVICE_FAMILY = "1,2";
			};
			name = Debug;
		};
		C617EA46299E82730050579A /* Release */ = {
			isa = XCBuildConfiguration;
			buildSettings = {
				ASSETCATALOG_COMPILER_APPICON_NAME = AppIcon;
				ASSETCATALOG_COMPILER_GLOBAL_ACCENT_COLOR_NAME = AccentColor;
				CODE_SIGN_STYLE = Automatic;
				CURRENT_PROJECT_VERSION = 1;
				DEVELOPMENT_TEAM = Z3SPAA69G7;
				GENERATE_INFOPLIST_FILE = YES;
				INFOPLIST_FILE = RXNetworking/Info.plist;
				INFOPLIST_KEY_UIApplicationSupportsIndirectInputEvents = YES;
				INFOPLIST_KEY_UILaunchStoryboardName = LaunchScreen;
				INFOPLIST_KEY_UIMainStoryboardFile = Main;
				INFOPLIST_KEY_UISupportedInterfaceOrientations_iPad = "UIInterfaceOrientationPortrait UIInterfaceOrientationPortraitUpsideDown UIInterfaceOrientationLandscapeLeft UIInterfaceOrientationLandscapeRight";
				INFOPLIST_KEY_UISupportedInterfaceOrientations_iPhone = "UIInterfaceOrientationPortrait UIInterfaceOrientationLandscapeLeft UIInterfaceOrientationLandscapeRight";
				LD_RUNPATH_SEARCH_PATHS = (
					"$(inherited)",
					"@executable_path/Frameworks",
				);
				MARKETING_VERSION = 1.0;
				PRODUCT_BUNDLE_IDENTIFIER = com.loay.RXNetworking;
				PRODUCT_NAME = "$(TARGET_NAME)";
				SWIFT_EMIT_LOC_STRINGS = YES;
				SWIFT_VERSION = 5.0;
				TARGETED_DEVICE_FAMILY = "1,2";
			};
			name = Release;
		};
/* End XCBuildConfiguration section */

/* Begin XCConfigurationList section */
		C617EA2B299E82700050579A /* Build configuration list for PBXProject "RxNetworking" */ = {
			isa = XCConfigurationList;
			buildConfigurations = (
				C617EA42299E82730050579A /* Debug */,
				C617EA43299E82730050579A /* Release */,
			);
			defaultConfigurationIsVisible = 0;
			defaultConfigurationName = Release;
		};
		C617EA44299E82730050579A /* Build configuration list for PBXNativeTarget "RxNetworking" */ = {
			isa = XCConfigurationList;
			buildConfigurations = (
				C617EA45299E82730050579A /* Debug */,
				C617EA46299E82730050579A /* Release */,
			);
			defaultConfigurationIsVisible = 0;
			defaultConfigurationName = Release;
		};
/* End XCConfigurationList section */

/* Begin XCRemoteSwiftPackageReference section */
		C6FC8DB029A0D41D00F6BAF9 /* XCRemoteSwiftPackageReference "RxSwiftExt" */ = {
			isa = XCRemoteSwiftPackageReference;
			repositoryURL = "https://github.com/RxSwiftCommunity/RxSwiftExt";
			requirement = {
				kind = upToNextMajorVersion;
				minimumVersion = 6.0.0;
			};
		};
		C6FC8DB329A0D4C900F6BAF9 /* XCRemoteSwiftPackageReference "RxSwift" */ = {
			isa = XCRemoteSwiftPackageReference;
			repositoryURL = "https://github.com/ReactiveX/RxSwift";
			requirement = {
				kind = upToNextMajorVersion;
				minimumVersion = 6.0.0;
			};
		};
/* End XCRemoteSwiftPackageReference section */

/* Begin XCSwiftPackageProductDependency section */
		C6FC8DB129A0D41D00F6BAF9 /* RxSwiftExt */ = {
			isa = XCSwiftPackageProductDependency;
			package = C6FC8DB029A0D41D00F6BAF9 /* XCRemoteSwiftPackageReference "RxSwiftExt" */;
			productName = RxSwiftExt;
		};
		C6FC8DB429A0D4C900F6BAF9 /* RxCocoa */ = {
			isa = XCSwiftPackageProductDependency;
			package = C6FC8DB329A0D4C900F6BAF9 /* XCRemoteSwiftPackageReference "RxSwift" */;
			productName = RxCocoa;
		};
		C6FC8DB629A0D4C900F6BAF9 /* RxRelay */ = {
			isa = XCSwiftPackageProductDependency;
			package = C6FC8DB329A0D4C900F6BAF9 /* XCRemoteSwiftPackageReference "RxSwift" */;
			productName = RxRelay;
		};
		C6FC8DB829A0D4C900F6BAF9 /* RxSwift */ = {
			isa = XCSwiftPackageProductDependency;
			package = C6FC8DB329A0D4C900F6BAF9 /* XCRemoteSwiftPackageReference "RxSwift" */;
			productName = RxSwift;
		};
/* End XCSwiftPackageProductDependency section */
	};
	rootObject = C617EA28299E82700050579A /* Project object */;
}
